// !$*UTF8*$!
{
	archiveVersion = 1;
	classes = {
	};
	objectVersion = 46;
	objects = {

/* Begin PBXBuildFile section */
		3A0317BE1DB9DD5800DA0A15 /* Sofia Pro Light Italic.otf in Resources */ = {isa = PBXBuildFile; fileRef = 3A0317BD1DB9DD5800DA0A15 /* Sofia Pro Light Italic.otf */; };
		3A060D2E1D9CADE9007F2B02 /* AppDelegate.swift in Sources */ = {isa = PBXBuildFile; fileRef = 3A060D2D1D9CADE9007F2B02 /* AppDelegate.swift */; };
		3A060D351D9CADE9007F2B02 /* Assets.xcassets in Resources */ = {isa = PBXBuildFile; fileRef = 3A060D341D9CADE9007F2B02 /* Assets.xcassets */; };
		3A060D381D9CADE9007F2B02 /* LaunchScreen.storyboard in Resources */ = {isa = PBXBuildFile; fileRef = 3A060D361D9CADE9007F2B02 /* LaunchScreen.storyboard */; };
		3A083B9F1DA4357C0092AE75 /* Main.storyboard in Resources */ = {isa = PBXBuildFile; fileRef = 3A22A3EE1DA3B6080011B467 /* Main.storyboard */; };
		3A154E241DCD6EA6005A79EC /* Theme.swift in Sources */ = {isa = PBXBuildFile; fileRef = 3A154E201DCD6EA6005A79EC /* Theme.swift */; };
		3A154E251DCD6EA6005A79EC /* Hues.swift in Sources */ = {isa = PBXBuildFile; fileRef = 3A154E211DCD6EA6005A79EC /* Hues.swift */; };
		3A154E261DCD6EA6005A79EC /* Profile.swift in Sources */ = {isa = PBXBuildFile; fileRef = 3A154E221DCD6EA6005A79EC /* Profile.swift */; };
		3A154E271DCD6EA6005A79EC /* Hueboard.swift in Sources */ = {isa = PBXBuildFile; fileRef = 3A154E231DCD6EA6005A79EC /* Hueboard.swift */; };
		3A154E2E1DCD71A1005A79EC /* RoundedCornersView.swift in Sources */ = {isa = PBXBuildFile; fileRef = 3A154E2D1DCD71A1005A79EC /* RoundedCornersView.swift */; };
		3A154E341DCD72AA005A79EC /* UIColor+UIColorFromRGB.swift in Sources */ = {isa = PBXBuildFile; fileRef = 3A154E331DCD72AA005A79EC /* UIColor+UIColorFromRGB.swift */; };
		3A154E361DCD7345005A79EC /* AutoLabel.swift in Sources */ = {isa = PBXBuildFile; fileRef = 3A154E351DCD7345005A79EC /* AutoLabel.swift */; };
		3A154E451DCD7352005A79EC /* FilterOptionsViewController.swift in Sources */ = {isa = PBXBuildFile; fileRef = 3A154E371DCD7352005A79EC /* FilterOptionsViewController.swift */; };
		3A154E461DCD7352005A79EC /* LoginViewController.swift in Sources */ = {isa = PBXBuildFile; fileRef = 3A154E381DCD7352005A79EC /* LoginViewController.swift */; };
		3A154E471DCD7352005A79EC /* PickHuesViewController.swift in Sources */ = {isa = PBXBuildFile; fileRef = 3A154E391DCD7352005A79EC /* PickHuesViewController.swift */; };
		3A154E481DCD7352005A79EC /* HueboardsViewController.swift in Sources */ = {isa = PBXBuildFile; fileRef = 3A154E3A1DCD7352005A79EC /* HueboardsViewController.swift */; };
		3A154E491DCD7352005A79EC /* CreatePostViewController.swift in Sources */ = {isa = PBXBuildFile; fileRef = 3A154E3B1DCD7352005A79EC /* CreatePostViewController.swift */; };
		3A154E4A1DCD7352005A79EC /* ProfileViewController.swift in Sources */ = {isa = PBXBuildFile; fileRef = 3A154E3C1DCD7352005A79EC /* ProfileViewController.swift */; };
		3A154E4B1DCD7352005A79EC /* ConnectionProfileViewController.swift in Sources */ = {isa = PBXBuildFile; fileRef = 3A154E3D1DCD7352005A79EC /* ConnectionProfileViewController.swift */; };
		3A154E4C1DCD7352005A79EC /* ConnectionsViewController.swift in Sources */ = {isa = PBXBuildFile; fileRef = 3A154E3E1DCD7352005A79EC /* ConnectionsViewController.swift */; };
		3A154E4D1DCD7352005A79EC /* SearchBarViewController.swift in Sources */ = {isa = PBXBuildFile; fileRef = 3A154E3F1DCD7352005A79EC /* SearchBarViewController.swift */; };
		3A154E4E1DCD7352005A79EC /* TabBar.swift in Sources */ = {isa = PBXBuildFile; fileRef = 3A154E401DCD7352005A79EC /* TabBar.swift */; };
		3A154E4F1DCD7352005A79EC /* NavBar.swift in Sources */ = {isa = PBXBuildFile; fileRef = 3A154E411DCD7352005A79EC /* NavBar.swift */; };
		3A154E501DCD7352005A79EC /* NotificationsViewController.swift in Sources */ = {isa = PBXBuildFile; fileRef = 3A154E421DCD7352005A79EC /* NotificationsViewController.swift */; };
		3A154E511DCD7352005A79EC /* HuesFeedViewController.swift in Sources */ = {isa = PBXBuildFile; fileRef = 3A154E431DCD7352005A79EC /* HuesFeedViewController.swift */; };
		3A154E521DCD7352005A79EC /* SignupViewController.swift in Sources */ = {isa = PBXBuildFile; fileRef = 3A154E441DCD7352005A79EC /* SignupViewController.swift */; };
		3A154E5B1DCD7389005A79EC /* ConnectionLabel.swift in Sources */ = {isa = PBXBuildFile; fileRef = 3A154E541DCD7389005A79EC /* ConnectionLabel.swift */; };
		3A154E5C1DCD7389005A79EC /* ConnectionLeftItem.swift in Sources */ = {isa = PBXBuildFile; fileRef = 3A154E551DCD7389005A79EC /* ConnectionLeftItem.swift */; };
		3A154E5D1DCD7389005A79EC /* ConnectionRightItem.swift in Sources */ = {isa = PBXBuildFile; fileRef = 3A154E561DCD7389005A79EC /* ConnectionRightItem.swift */; };
		3A154E5E1DCD7389005A79EC /* ConnectionRightCell.swift in Sources */ = {isa = PBXBuildFile; fileRef = 3A154E571DCD7389005A79EC /* ConnectionRightCell.swift */; };
		3A154E5F1DCD7389005A79EC /* ConnectionLeftCell.swift in Sources */ = {isa = PBXBuildFile; fileRef = 3A154E581DCD7389005A79EC /* ConnectionLeftCell.swift */; };
		3A154E601DCD7389005A79EC /* NotificationCell.swift in Sources */ = {isa = PBXBuildFile; fileRef = 3A154E591DCD7389005A79EC /* NotificationCell.swift */; };
		3A154E611DCD7389005A79EC /* HueboardCell.swift in Sources */ = {isa = PBXBuildFile; fileRef = 3A154E5A1DCD7389005A79EC /* HueboardCell.swift */; };
		3A154E641DCD7430005A79EC /* HueboardsLayout.swift in Sources */ = {isa = PBXBuildFile; fileRef = 3A154E631DCD7430005A79EC /* HueboardsLayout.swift */; };
		3A154E661DCD7458005A79EC /* HueboardsViewModel.swift in Sources */ = {isa = PBXBuildFile; fileRef = 3A154E651DCD7458005A79EC /* HueboardsViewModel.swift */; };
		3A154E721DCD75FC005A79EC /* SWRevealViewController.m in Sources */ = {isa = PBXBuildFile; fileRef = 3A154E701DCD75FC005A79EC /* SWRevealViewController.m */; };
		3A154E761DCD7852005A79EC /* NetworkManager.swift in Sources */ = {isa = PBXBuildFile; fileRef = 3A154E751DCD7852005A79EC /* NetworkManager.swift */; };
		3A154E781DCD8D77005A79EC /* PickHuesViewModel.swift in Sources */ = {isa = PBXBuildFile; fileRef = 3A154E771DCD8D77005A79EC /* PickHuesViewModel.swift */; };
		3A22A3EB1DA3A86C0011B467 /* Sofia Pro Light.otf in Resources */ = {isa = PBXBuildFile; fileRef = 3A22A3E91DA3A86C0011B467 /* Sofia Pro Light.otf */; };
		3A22A3EC1DA3A86C0011B467 /* Sofia Pro Regular.otf in Resources */ = {isa = PBXBuildFile; fileRef = 3A22A3EA1DA3A86C0011B467 /* Sofia Pro Regular.otf */; };
		3A45BAAF1DE926430062081E /* Constants.swift in Sources */ = {isa = PBXBuildFile; fileRef = 3A45BAAE1DE926430062081E /* Constants.swift */; };
		3A45BAB11DE926BB0062081E /* GoogleService-Info.plist in Resources */ = {isa = PBXBuildFile; fileRef = 3A45BAB01DE926BB0062081E /* GoogleService-Info.plist */; };
		3A6C94721DAB12F6002A7EA3 /* CoreGraphics.framework in Frameworks */ = {isa = PBXBuildFile; fileRef = 3A6C94711DAB12F6002A7EA3 /* CoreGraphics.framework */; };
		3A6C94741DAB139B002A7EA3 /* QuartzCore.framework in Frameworks */ = {isa = PBXBuildFile; fileRef = 3A6C94731DAB139B002A7EA3 /* QuartzCore.framework */; };
		3A6C94781DAB1BFD002A7EA3 /* hulyo.jpg in Resources */ = {isa = PBXBuildFile; fileRef = 3A6C94771DAB1BFD002A7EA3 /* hulyo.jpg */; };
		3A6C947A1DAB23F4002A7EA3 /* Sofia Pro Bold.otf in Resources */ = {isa = PBXBuildFile; fileRef = 3A6C94791DAB23F4002A7EA3 /* Sofia Pro Bold.otf */; };
		3A6F75101DEBCDA500B8D1D3 /* FeedTextTableViewCell.swift in Sources */ = {isa = PBXBuildFile; fileRef = 3A6F750F1DEBCDA500B8D1D3 /* FeedTextTableViewCell.swift */; };
		3A987B161DED1BC600388DDF /* KeychainWrapper.m in Sources */ = {isa = PBXBuildFile; fileRef = 3A987B151DED1BC600388DDF /* KeychainWrapper.m */; };
		3A987B191DED1C6100388DDF /* User.swift in Sources */ = {isa = PBXBuildFile; fileRef = 3A987B171DED1C6100388DDF /* User.swift */; };
		3A987B1A1DED1C6100388DDF /* Feed.swift in Sources */ = {isa = PBXBuildFile; fileRef = 3A987B181DED1C6100388DDF /* Feed.swift */; };
		3A987B1C1DED1CDF00388DDF /* AuthenticationManager.swift in Sources */ = {isa = PBXBuildFile; fileRef = 3A987B1B1DED1CDF00388DDF /* AuthenticationManager.swift */; };
		3A987B1E1DED1D2500388DDF /* FeedManager.swift in Sources */ = {isa = PBXBuildFile; fileRef = 3A987B1D1DED1D2500388DDF /* FeedManager.swift */; };
		3AEB8B2D1DAB46670004A191 /* splash_screen.png in Resources */ = {isa = PBXBuildFile; fileRef = 3AEB8B2C1DAB46670004A191 /* splash_screen.png */; };
		BD740C1BF57CB4BBD2D083F2 /* Pods_Hueman.framework in Frameworks */ = {isa = PBXBuildFile; fileRef = DCDB8932AF19BBB6F0B39963 /* Pods_Hueman.framework */; };
/* End PBXBuildFile section */

/* Begin PBXFileReference section */
		20C7B4D02A2CCFF1A0614B46 /* Pods-Hueman.debug.xcconfig */ = {isa = PBXFileReference; includeInIndex = 1; lastKnownFileType = text.xcconfig; name = "Pods-Hueman.debug.xcconfig"; path = "Pods/Target Support Files/Pods-Hueman/Pods-Hueman.debug.xcconfig"; sourceTree = "<group>"; };
		3A0317BD1DB9DD5800DA0A15 /* Sofia Pro Light Italic.otf */ = {isa = PBXFileReference; lastKnownFileType = file; name = "Sofia Pro Light Italic.otf"; path = "Fonts/Sofia Pro Light Italic.otf"; sourceTree = "<group>"; };
		3A060D2A1D9CADE9007F2B02 /* Hueman.app */ = {isa = PBXFileReference; explicitFileType = wrapper.application; includeInIndex = 0; path = Hueman.app; sourceTree = BUILT_PRODUCTS_DIR; };
		3A060D2D1D9CADE9007F2B02 /* AppDelegate.swift */ = {isa = PBXFileReference; lastKnownFileType = sourcecode.swift; path = AppDelegate.swift; sourceTree = "<group>"; };
		3A060D341D9CADE9007F2B02 /* Assets.xcassets */ = {isa = PBXFileReference; lastKnownFileType = folder.assetcatalog; path = Assets.xcassets; sourceTree = "<group>"; };
		3A060D371D9CADE9007F2B02 /* Base */ = {isa = PBXFileReference; lastKnownFileType = file.storyboard; name = Base; path = Base.lproj/LaunchScreen.storyboard; sourceTree = "<group>"; };
		3A060D391D9CADE9007F2B02 /* Info.plist */ = {isa = PBXFileReference; lastKnownFileType = text.plist.xml; path = Info.plist; sourceTree = "<group>"; };
		3A154E201DCD6EA6005A79EC /* Theme.swift */ = {isa = PBXFileReference; fileEncoding = 4; lastKnownFileType = sourcecode.swift; name = Theme.swift; path = Models/Theme.swift; sourceTree = "<group>"; };
		3A154E211DCD6EA6005A79EC /* Hues.swift */ = {isa = PBXFileReference; fileEncoding = 4; lastKnownFileType = sourcecode.swift; name = Hues.swift; path = Models/Hues.swift; sourceTree = "<group>"; };
		3A154E221DCD6EA6005A79EC /* Profile.swift */ = {isa = PBXFileReference; fileEncoding = 4; lastKnownFileType = sourcecode.swift; name = Profile.swift; path = Models/Profile.swift; sourceTree = "<group>"; };
		3A154E231DCD6EA6005A79EC /* Hueboard.swift */ = {isa = PBXFileReference; fileEncoding = 4; lastKnownFileType = sourcecode.swift; name = Hueboard.swift; path = Models/Hueboard.swift; sourceTree = "<group>"; };
		3A154E2D1DCD71A1005A79EC /* RoundedCornersView.swift */ = {isa = PBXFileReference; fileEncoding = 4; lastKnownFileType = sourcecode.swift; name = RoundedCornersView.swift; path = Hueman/Helpers/RoundedCornersView.swift; sourceTree = "<group>"; };
		3A154E331DCD72AA005A79EC /* UIColor+UIColorFromRGB.swift */ = {isa = PBXFileReference; fileEncoding = 4; lastKnownFileType = sourcecode.swift; name = "UIColor+UIColorFromRGB.swift"; path = "Extensions/UIColor+UIColorFromRGB.swift"; sourceTree = "<group>"; };
		3A154E351DCD7345005A79EC /* AutoLabel.swift */ = {isa = PBXFileReference; fileEncoding = 4; lastKnownFileType = sourcecode.swift; name = AutoLabel.swift; path = Hueman/Helpers/AutoLabel.swift; sourceTree = "<group>"; };
		3A154E371DCD7352005A79EC /* FilterOptionsViewController.swift */ = {isa = PBXFileReference; fileEncoding = 4; lastKnownFileType = sourcecode.swift; name = FilterOptionsViewController.swift; path = ViewControllers/FilterOptionsViewController.swift; sourceTree = "<group>"; };
		3A154E381DCD7352005A79EC /* LoginViewController.swift */ = {isa = PBXFileReference; fileEncoding = 4; lastKnownFileType = sourcecode.swift; name = LoginViewController.swift; path = ViewControllers/LoginViewController.swift; sourceTree = "<group>"; };
		3A154E391DCD7352005A79EC /* PickHuesViewController.swift */ = {isa = PBXFileReference; fileEncoding = 4; lastKnownFileType = sourcecode.swift; name = PickHuesViewController.swift; path = ViewControllers/PickHuesViewController.swift; sourceTree = "<group>"; };
		3A154E3A1DCD7352005A79EC /* HueboardsViewController.swift */ = {isa = PBXFileReference; fileEncoding = 4; lastKnownFileType = sourcecode.swift; name = HueboardsViewController.swift; path = ViewControllers/HueboardsViewController.swift; sourceTree = "<group>"; };
		3A154E3B1DCD7352005A79EC /* CreatePostViewController.swift */ = {isa = PBXFileReference; fileEncoding = 4; lastKnownFileType = sourcecode.swift; name = CreatePostViewController.swift; path = ViewControllers/CreatePostViewController.swift; sourceTree = "<group>"; };
		3A154E3C1DCD7352005A79EC /* ProfileViewController.swift */ = {isa = PBXFileReference; fileEncoding = 4; lastKnownFileType = sourcecode.swift; name = ProfileViewController.swift; path = ViewControllers/ProfileViewController.swift; sourceTree = "<group>"; };
		3A154E3D1DCD7352005A79EC /* ConnectionProfileViewController.swift */ = {isa = PBXFileReference; fileEncoding = 4; lastKnownFileType = sourcecode.swift; name = ConnectionProfileViewController.swift; path = ViewControllers/ConnectionProfileViewController.swift; sourceTree = "<group>"; };
		3A154E3E1DCD7352005A79EC /* ConnectionsViewController.swift */ = {isa = PBXFileReference; fileEncoding = 4; lastKnownFileType = sourcecode.swift; name = ConnectionsViewController.swift; path = ViewControllers/ConnectionsViewController.swift; sourceTree = "<group>"; };
		3A154E3F1DCD7352005A79EC /* SearchBarViewController.swift */ = {isa = PBXFileReference; fileEncoding = 4; lastKnownFileType = sourcecode.swift; name = SearchBarViewController.swift; path = ViewControllers/SearchBarViewController.swift; sourceTree = "<group>"; };
		3A154E401DCD7352005A79EC /* TabBar.swift */ = {isa = PBXFileReference; fileEncoding = 4; lastKnownFileType = sourcecode.swift; name = TabBar.swift; path = ViewControllers/TabBar.swift; sourceTree = "<group>"; };
		3A154E411DCD7352005A79EC /* NavBar.swift */ = {isa = PBXFileReference; fileEncoding = 4; lastKnownFileType = sourcecode.swift; name = NavBar.swift; path = ViewControllers/NavBar.swift; sourceTree = "<group>"; };
		3A154E421DCD7352005A79EC /* NotificationsViewController.swift */ = {isa = PBXFileReference; fileEncoding = 4; lastKnownFileType = sourcecode.swift; name = NotificationsViewController.swift; path = ViewControllers/NotificationsViewController.swift; sourceTree = "<group>"; };
		3A154E431DCD7352005A79EC /* HuesFeedViewController.swift */ = {isa = PBXFileReference; fileEncoding = 4; lastKnownFileType = sourcecode.swift; name = HuesFeedViewController.swift; path = ViewControllers/HuesFeedViewController.swift; sourceTree = "<group>"; };
		3A154E441DCD7352005A79EC /* SignupViewController.swift */ = {isa = PBXFileReference; fileEncoding = 4; lastKnownFileType = sourcecode.swift; name = SignupViewController.swift; path = ViewControllers/SignupViewController.swift; sourceTree = "<group>"; };
		3A154E541DCD7389005A79EC /* ConnectionLabel.swift */ = {isa = PBXFileReference; fileEncoding = 4; lastKnownFileType = sourcecode.swift; name = ConnectionLabel.swift; path = Views/ConnectionLabel.swift; sourceTree = "<group>"; };
		3A154E551DCD7389005A79EC /* ConnectionLeftItem.swift */ = {isa = PBXFileReference; fileEncoding = 4; lastKnownFileType = sourcecode.swift; name = ConnectionLeftItem.swift; path = Views/ConnectionLeftItem.swift; sourceTree = "<group>"; };
		3A154E561DCD7389005A79EC /* ConnectionRightItem.swift */ = {isa = PBXFileReference; fileEncoding = 4; lastKnownFileType = sourcecode.swift; name = ConnectionRightItem.swift; path = Views/ConnectionRightItem.swift; sourceTree = "<group>"; };
		3A154E571DCD7389005A79EC /* ConnectionRightCell.swift */ = {isa = PBXFileReference; fileEncoding = 4; lastKnownFileType = sourcecode.swift; name = ConnectionRightCell.swift; path = Views/ConnectionRightCell.swift; sourceTree = "<group>"; };
		3A154E581DCD7389005A79EC /* ConnectionLeftCell.swift */ = {isa = PBXFileReference; fileEncoding = 4; lastKnownFileType = sourcecode.swift; name = ConnectionLeftCell.swift; path = Views/ConnectionLeftCell.swift; sourceTree = "<group>"; };
		3A154E591DCD7389005A79EC /* NotificationCell.swift */ = {isa = PBXFileReference; fileEncoding = 4; lastKnownFileType = sourcecode.swift; name = NotificationCell.swift; path = Views/NotificationCell.swift; sourceTree = "<group>"; };
		3A154E5A1DCD7389005A79EC /* HueboardCell.swift */ = {isa = PBXFileReference; fileEncoding = 4; lastKnownFileType = sourcecode.swift; name = HueboardCell.swift; path = Views/HueboardCell.swift; sourceTree = "<group>"; };
		3A154E631DCD7430005A79EC /* HueboardsLayout.swift */ = {isa = PBXFileReference; fileEncoding = 4; lastKnownFileType = sourcecode.swift; name = HueboardsLayout.swift; path = Layouts/HueboardsLayout.swift; sourceTree = "<group>"; };
		3A154E651DCD7458005A79EC /* HueboardsViewModel.swift */ = {isa = PBXFileReference; fileEncoding = 4; lastKnownFileType = sourcecode.swift; name = HueboardsViewModel.swift; path = ViewModels/HueboardsViewModel.swift; sourceTree = "<group>"; };
		3A154E701DCD75FC005A79EC /* SWRevealViewController.m */ = {isa = PBXFileReference; fileEncoding = 4; lastKnownFileType = sourcecode.c.objc; name = SWRevealViewController.m; path = ThirdParties/SWRevealViewController/SWRevealViewController.m; sourceTree = "<group>"; };
		3A154E711DCD75FC005A79EC /* SWRevealViewController.h */ = {isa = PBXFileReference; fileEncoding = 4; lastKnownFileType = sourcecode.c.h; name = SWRevealViewController.h; path = ThirdParties/SWRevealViewController/SWRevealViewController.h; sourceTree = "<group>"; };
		3A154E731DCD763E005A79EC /* Hueman-Bridging-Header.h */ = {isa = PBXFileReference; fileEncoding = 4; lastKnownFileType = sourcecode.c.h; name = "Hueman-Bridging-Header.h"; path = "Hueman/Helpers/Hueman-Bridging-Header.h"; sourceTree = "<group>"; };
		3A154E751DCD7852005A79EC /* NetworkManager.swift */ = {isa = PBXFileReference; fileEncoding = 4; lastKnownFileType = sourcecode.swift; name = NetworkManager.swift; path = Networking/NetworkManager.swift; sourceTree = "<group>"; };
		3A154E771DCD8D77005A79EC /* PickHuesViewModel.swift */ = {isa = PBXFileReference; fileEncoding = 4; lastKnownFileType = sourcecode.swift; name = PickHuesViewModel.swift; path = ViewModels/PickHuesViewModel.swift; sourceTree = "<group>"; };
		3A22A3E91DA3A86C0011B467 /* Sofia Pro Light.otf */ = {isa = PBXFileReference; lastKnownFileType = file; name = "Sofia Pro Light.otf"; path = "Fonts/Sofia Pro Light.otf"; sourceTree = "<group>"; };
		3A22A3EA1DA3A86C0011B467 /* Sofia Pro Regular.otf */ = {isa = PBXFileReference; lastKnownFileType = file; name = "Sofia Pro Regular.otf"; path = "Fonts/Sofia Pro Regular.otf"; sourceTree = "<group>"; };
		3A22A3EF1DA3B6080011B467 /* Base */ = {isa = PBXFileReference; lastKnownFileType = file.storyboard; name = Base; path = Base.lproj/Main.storyboard; sourceTree = "<group>"; };
		3A45BAAE1DE926430062081E /* Constants.swift */ = {isa = PBXFileReference; fileEncoding = 4; lastKnownFileType = sourcecode.swift; name = Constants.swift; path = Utils/Constants.swift; sourceTree = "<group>"; };
		3A45BAB01DE926BB0062081E /* GoogleService-Info.plist */ = {isa = PBXFileReference; fileEncoding = 4; lastKnownFileType = text.plist.xml; path = "GoogleService-Info.plist"; sourceTree = "<group>"; };
		3A45BAB21DE927D60062081E /* Hueman.entitlements */ = {isa = PBXFileReference; lastKnownFileType = text.plist.entitlements; path = Hueman.entitlements; sourceTree = "<group>"; };
		3A6C94711DAB12F6002A7EA3 /* CoreGraphics.framework */ = {isa = PBXFileReference; lastKnownFileType = wrapper.framework; name = CoreGraphics.framework; path = System/Library/Frameworks/CoreGraphics.framework; sourceTree = SDKROOT; };
		3A6C94731DAB139B002A7EA3 /* QuartzCore.framework */ = {isa = PBXFileReference; lastKnownFileType = wrapper.framework; name = QuartzCore.framework; path = System/Library/Frameworks/QuartzCore.framework; sourceTree = SDKROOT; };
		3A6C94771DAB1BFD002A7EA3 /* hulyo.jpg */ = {isa = PBXFileReference; lastKnownFileType = image.jpeg; name = hulyo.jpg; path = Images/hulyo.jpg; sourceTree = "<group>"; };
		3A6C94791DAB23F4002A7EA3 /* Sofia Pro Bold.otf */ = {isa = PBXFileReference; lastKnownFileType = file; name = "Sofia Pro Bold.otf"; path = "Fonts/Sofia Pro Bold.otf"; sourceTree = "<group>"; };
		3A6F750F1DEBCDA500B8D1D3 /* FeedTextTableViewCell.swift */ = {isa = PBXFileReference; fileEncoding = 4; lastKnownFileType = sourcecode.swift; name = FeedTextTableViewCell.swift; path = Views/FeedTextTableViewCell.swift; sourceTree = "<group>"; };
		3A987B141DED1BC600388DDF /* KeychainWrapper.h */ = {isa = PBXFileReference; fileEncoding = 4; lastKnownFileType = sourcecode.c.h; name = KeychainWrapper.h; path = ThirdParties/KeychainWrapper/KeychainWrapper.h; sourceTree = "<group>"; };
		3A987B151DED1BC600388DDF /* KeychainWrapper.m */ = {isa = PBXFileReference; fileEncoding = 4; lastKnownFileType = sourcecode.c.objc; name = KeychainWrapper.m; path = ThirdParties/KeychainWrapper/KeychainWrapper.m; sourceTree = "<group>"; };
		3A987B171DED1C6100388DDF /* User.swift */ = {isa = PBXFileReference; fileEncoding = 4; lastKnownFileType = sourcecode.swift; name = User.swift; path = Models/User.swift; sourceTree = "<group>"; };
		3A987B181DED1C6100388DDF /* Feed.swift */ = {isa = PBXFileReference; fileEncoding = 4; lastKnownFileType = sourcecode.swift; name = Feed.swift; path = Models/Feed.swift; sourceTree = "<group>"; };
		3A987B1B1DED1CDF00388DDF /* AuthenticationManager.swift */ = {isa = PBXFileReference; fileEncoding = 4; lastKnownFileType = sourcecode.swift; name = AuthenticationManager.swift; path = Networking/AuthenticationManager.swift; sourceTree = "<group>"; };
		3A987B1D1DED1D2500388DDF /* FeedManager.swift */ = {isa = PBXFileReference; fileEncoding = 4; lastKnownFileType = sourcecode.swift; name = FeedManager.swift; path = Managers/FeedManager.swift; sourceTree = "<group>"; };
		3ABD761E1DBC9E6C00AD2538 /* AssetsLibrary.framework */ = {isa = PBXFileReference; lastKnownFileType = wrapper.framework; name = AssetsLibrary.framework; path = System/Library/Frameworks/AssetsLibrary.framework; sourceTree = SDKROOT; };
		3ABD76201DBC9E9900AD2538 /* Photos.framework */ = {isa = PBXFileReference; lastKnownFileType = wrapper.framework; name = Photos.framework; path = System/Library/Frameworks/Photos.framework; sourceTree = SDKROOT; };
		3AEB8B2C1DAB46670004A191 /* splash_screen.png */ = {isa = PBXFileReference; lastKnownFileType = image.png; name = splash_screen.png; path = Images/splash_screen.png; sourceTree = "<group>"; };
		907D402A993B1CD31B707647 /* Pods-Hueman.release.xcconfig */ = {isa = PBXFileReference; includeInIndex = 1; lastKnownFileType = text.xcconfig; name = "Pods-Hueman.release.xcconfig"; path = "Pods/Target Support Files/Pods-Hueman/Pods-Hueman.release.xcconfig"; sourceTree = "<group>"; };
		DCDB8932AF19BBB6F0B39963 /* Pods_Hueman.framework */ = {isa = PBXFileReference; explicitFileType = wrapper.framework; includeInIndex = 0; path = Pods_Hueman.framework; sourceTree = BUILT_PRODUCTS_DIR; };
/* End PBXFileReference section */

/* Begin PBXFrameworksBuildPhase section */
		3A060D271D9CADE9007F2B02 /* Frameworks */ = {
			isa = PBXFrameworksBuildPhase;
			buildActionMask = 2147483647;
			files = (
				3A6C94741DAB139B002A7EA3 /* QuartzCore.framework in Frameworks */,
				3A6C94721DAB12F6002A7EA3 /* CoreGraphics.framework in Frameworks */,
				BD740C1BF57CB4BBD2D083F2 /* Pods_Hueman.framework in Frameworks */,
			);
			runOnlyForDeploymentPostprocessing = 0;
		};
/* End PBXFrameworksBuildPhase section */

/* Begin PBXGroup section */
		2291ECA32F5C65C00BA3BDD4 /* Pods */ = {
			isa = PBXGroup;
			children = (
				20C7B4D02A2CCFF1A0614B46 /* Pods-Hueman.debug.xcconfig */,
				907D402A993B1CD31B707647 /* Pods-Hueman.release.xcconfig */,
			);
			name = Pods;
			sourceTree = "<group>";
		};
		3A060D211D9CADE9007F2B02 = {
			isa = PBXGroup;
			children = (
				3A060D2C1D9CADE9007F2B02 /* Hueman */,
				3A060D2B1D9CADE9007F2B02 /* Products */,
				3A6C94701DAB12F6002A7EA3 /* Frameworks */,
				2291ECA32F5C65C00BA3BDD4 /* Pods */,
			);
			sourceTree = "<group>";
		};
		3A060D2B1D9CADE9007F2B02 /* Products */ = {
			isa = PBXGroup;
			children = (
				3A060D2A1D9CADE9007F2B02 /* Hueman.app */,
			);
			name = Products;
			sourceTree = "<group>";
		};
		3A060D2C1D9CADE9007F2B02 /* Hueman */ = {
			isa = PBXGroup;
			children = (
				3A060D2D1D9CADE9007F2B02 /* AppDelegate.swift */,
				3A45BAAD1DE926200062081E /* Utils */,
				3A20AB1F1DAD3D73008E54AD /* ThirdParties */,
				3A154E621DCD7428005A79EC /* Layouts */,
				3A154E531DCD7379005A79EC /* Views */,
				3A154E2C1DCD6FDF005A79EC /* Protocols */,
				3A154E2B1DCD6FD7005A79EC /* Networking */,
				3A22A3E41DA3A63D0011B467 /* Models */,
				3A154E2A1DCD6F9A005A79EC /* ViewControllers */,
				3A154E291DCD6F93005A79EC /* ViewModels */,
				3A17F06C1DAF125B006DC612 /* Helpers */,
				3A22A3E21DA3A62C0011B467 /* Extensions */,
				3A22A3E71DA3A8560011B467 /* Resources */,
				3A154E741DCD7809005A79EC /* Storyboards */,
			);
			path = Hueman;
			sourceTree = "<group>";
		};
		3A154E291DCD6F93005A79EC /* ViewModels */ = {
			isa = PBXGroup;
			children = (
				3A154E651DCD7458005A79EC /* HueboardsViewModel.swift */,
				3A154E771DCD8D77005A79EC /* PickHuesViewModel.swift */,
			);
			name = ViewModels;
			sourceTree = "<group>";
		};
		3A154E2A1DCD6F9A005A79EC /* ViewControllers */ = {
			isa = PBXGroup;
			children = (
				3A154E371DCD7352005A79EC /* FilterOptionsViewController.swift */,
				3A154E381DCD7352005A79EC /* LoginViewController.swift */,
				3A154E391DCD7352005A79EC /* PickHuesViewController.swift */,
				3A154E3A1DCD7352005A79EC /* HueboardsViewController.swift */,
				3A154E3B1DCD7352005A79EC /* CreatePostViewController.swift */,
				3A154E3C1DCD7352005A79EC /* ProfileViewController.swift */,
				3A154E3D1DCD7352005A79EC /* ConnectionProfileViewController.swift */,
				3A154E3E1DCD7352005A79EC /* ConnectionsViewController.swift */,
				3A154E3F1DCD7352005A79EC /* SearchBarViewController.swift */,
				3A154E401DCD7352005A79EC /* TabBar.swift */,
				3A154E411DCD7352005A79EC /* NavBar.swift */,
				3A154E421DCD7352005A79EC /* NotificationsViewController.swift */,
				3A154E431DCD7352005A79EC /* HuesFeedViewController.swift */,
				3A154E441DCD7352005A79EC /* SignupViewController.swift */,
			);
			name = ViewControllers;
			sourceTree = "<group>";
		};
		3A154E2B1DCD6FD7005A79EC /* Networking */ = {
			isa = PBXGroup;
			children = (
				3A987B1D1DED1D2500388DDF /* FeedManager.swift */,
				3A987B1B1DED1CDF00388DDF /* AuthenticationManager.swift */,
				3A154E751DCD7852005A79EC /* NetworkManager.swift */,
			);
			name = Networking;
			sourceTree = "<group>";
		};
		3A154E2C1DCD6FDF005A79EC /* Protocols */ = {
			isa = PBXGroup;
			children = (
			);
			name = Protocols;
			sourceTree = "<group>";
		};
		3A154E531DCD7379005A79EC /* Views */ = {
			isa = PBXGroup;
			children = (
				3A154E541DCD7389005A79EC /* ConnectionLabel.swift */,
				3A154E551DCD7389005A79EC /* ConnectionLeftItem.swift */,
				3A154E561DCD7389005A79EC /* ConnectionRightItem.swift */,
				3A154E571DCD7389005A79EC /* ConnectionRightCell.swift */,
				3A154E581DCD7389005A79EC /* ConnectionLeftCell.swift */,
				3A154E591DCD7389005A79EC /* NotificationCell.swift */,
				3A154E5A1DCD7389005A79EC /* HueboardCell.swift */,
				3A6F750F1DEBCDA500B8D1D3 /* FeedTextTableViewCell.swift */,
			);
			name = Views;
			sourceTree = "<group>";
		};
		3A154E621DCD7428005A79EC /* Layouts */ = {
			isa = PBXGroup;
			children = (
				3A154E631DCD7430005A79EC /* HueboardsLayout.swift */,
			);
			name = Layouts;
			sourceTree = "<group>";
		};
		3A154E741DCD7809005A79EC /* Storyboards */ = {
			isa = PBXGroup;
			children = (
				3A22A3EE1DA3B6080011B467 /* Main.storyboard */,
				3A060D361D9CADE9007F2B02 /* LaunchScreen.storyboard */,
			);
			name = Storyboards;
			sourceTree = "<group>";
		};
		3A17F06C1DAF125B006DC612 /* Helpers */ = {
			isa = PBXGroup;
			children = (
				3A154E731DCD763E005A79EC /* Hueman-Bridging-Header.h */,
				3A154E351DCD7345005A79EC /* AutoLabel.swift */,
				3A154E2D1DCD71A1005A79EC /* RoundedCornersView.swift */,
			);
			name = Helpers;
			path = ..;
			sourceTree = "<group>";
		};
		3A20AB1F1DAD3D73008E54AD /* ThirdParties */ = {
			isa = PBXGroup;
			children = (
				3A987B101DED1B7500388DDF /* KeychainWrapper */,
				3A20AB201DAD3E51008E54AD /* SWRevealViewController */,
			);
			name = ThirdParties;
			sourceTree = "<group>";
		};
		3A20AB201DAD3E51008E54AD /* SWRevealViewController */ = {
			isa = PBXGroup;
			children = (
				3A154E701DCD75FC005A79EC /* SWRevealViewController.m */,
				3A154E711DCD75FC005A79EC /* SWRevealViewController.h */,
			);
			name = SWRevealViewController;
			sourceTree = "<group>";
		};
		3A22A3E21DA3A62C0011B467 /* Extensions */ = {
			isa = PBXGroup;
			children = (
				3A154E331DCD72AA005A79EC /* UIColor+UIColorFromRGB.swift */,
			);
			name = Extensions;
			sourceTree = "<group>";
		};
		3A22A3E41DA3A63D0011B467 /* Models */ = {
			isa = PBXGroup;
			children = (
				3A987B171DED1C6100388DDF /* User.swift */,
				3A987B181DED1C6100388DDF /* Feed.swift */,
				3A154E201DCD6EA6005A79EC /* Theme.swift */,
				3A154E211DCD6EA6005A79EC /* Hues.swift */,
				3A154E221DCD6EA6005A79EC /* Profile.swift */,
				3A154E231DCD6EA6005A79EC /* Hueboard.swift */,
			);
			name = Models;
			sourceTree = "<group>";
		};
		3A22A3E71DA3A8560011B467 /* Resources */ = {
			isa = PBXGroup;
			children = (
				3A45BAB21DE927D60062081E /* Hueman.entitlements */,
				3A45BAB01DE926BB0062081E /* GoogleService-Info.plist */,
				3A060D391D9CADE9007F2B02 /* Info.plist */,
				3AEB8B2C1DAB46670004A191 /* splash_screen.png */,
				3A6C94771DAB1BFD002A7EA3 /* hulyo.jpg */,
				3A060D341D9CADE9007F2B02 /* Assets.xcassets */,
				3A22A3E81DA3A85F0011B467 /* Fonts */,
			);
			name = Resources;
			sourceTree = "<group>";
		};
		3A22A3E81DA3A85F0011B467 /* Fonts */ = {
			isa = PBXGroup;
			children = (
				3A0317BD1DB9DD5800DA0A15 /* Sofia Pro Light Italic.otf */,
				3A6C94791DAB23F4002A7EA3 /* Sofia Pro Bold.otf */,
				3A22A3E91DA3A86C0011B467 /* Sofia Pro Light.otf */,
				3A22A3EA1DA3A86C0011B467 /* Sofia Pro Regular.otf */,
			);
			name = Fonts;
			sourceTree = "<group>";
		};
		3A45BAAD1DE926200062081E /* Utils */ = {
			isa = PBXGroup;
			children = (
				3A45BAAE1DE926430062081E /* Constants.swift */,
			);
			name = Utils;
			sourceTree = "<group>";
		};
		3A6C94701DAB12F6002A7EA3 /* Frameworks */ = {
			isa = PBXGroup;
			children = (
				3ABD76201DBC9E9900AD2538 /* Photos.framework */,
				3ABD761E1DBC9E6C00AD2538 /* AssetsLibrary.framework */,
				3A6C94731DAB139B002A7EA3 /* QuartzCore.framework */,
				3A6C94711DAB12F6002A7EA3 /* CoreGraphics.framework */,
				DCDB8932AF19BBB6F0B39963 /* Pods_Hueman.framework */,
			);
			name = Frameworks;
			sourceTree = "<group>";
		};
		3A987B101DED1B7500388DDF /* KeychainWrapper */ = {
			isa = PBXGroup;
			children = (
				3A987B141DED1BC600388DDF /* KeychainWrapper.h */,
				3A987B151DED1BC600388DDF /* KeychainWrapper.m */,
			);
			name = KeychainWrapper;
			sourceTree = "<group>";
		};
/* End PBXGroup section */

/* Begin PBXNativeTarget section */
		3A060D291D9CADE9007F2B02 /* Hueman */ = {
			isa = PBXNativeTarget;
			buildConfigurationList = 3A060D3C1D9CADE9007F2B02 /* Build configuration list for PBXNativeTarget "Hueman" */;
			buildPhases = (
				3E0930FEE3FDC2A4C895B7C5 /* 📦 Check Pods Manifest.lock */,
				3A060D261D9CADE9007F2B02 /* Sources */,
				3A060D271D9CADE9007F2B02 /* Frameworks */,
				3A060D281D9CADE9007F2B02 /* Resources */,
				26882498B520B12CC853A412 /* 📦 Embed Pods Frameworks */,
				25E8DD062E7128AE8DB20429 /* 📦 Copy Pods Resources */,
			);
			buildRules = (
			);
			dependencies = (
			);
			name = Hueman;
			productName = Hueman;
			productReference = 3A060D2A1D9CADE9007F2B02 /* Hueman.app */;
			productType = "com.apple.product-type.application";
		};
/* End PBXNativeTarget section */

/* Begin PBXProject section */
		3A060D221D9CADE9007F2B02 /* Project object */ = {
			isa = PBXProject;
			attributes = {
				LastSwiftUpdateCheck = 0800;
				LastUpgradeCheck = 0810;
				ORGANIZATIONNAME = "Efthemios Prime";
				TargetAttributes = {
					3A060D291D9CADE9007F2B02 = {
						CreatedOnToolsVersion = 8.0;
						DevelopmentTeam = 2F2MGP4R3K;
						LastSwiftMigration = 0800;
						ProvisioningStyle = Automatic;
						SystemCapabilities = {
							com.apple.Keychain = {
								enabled = 1;
							};
						};
					};
				};
			};
			buildConfigurationList = 3A060D251D9CADE9007F2B02 /* Build configuration list for PBXProject "Hueman" */;
			compatibilityVersion = "Xcode 3.2";
			developmentRegion = English;
			hasScannedForEncodings = 0;
			knownRegions = (
				en,
				Base,
			);
			mainGroup = 3A060D211D9CADE9007F2B02;
			productRefGroup = 3A060D2B1D9CADE9007F2B02 /* Products */;
			projectDirPath = "";
			projectRoot = "";
			targets = (
				3A060D291D9CADE9007F2B02 /* Hueman */,
			);
		};
/* End PBXProject section */

/* Begin PBXResourcesBuildPhase section */
		3A060D281D9CADE9007F2B02 /* Resources */ = {
			isa = PBXResourcesBuildPhase;
			buildActionMask = 2147483647;
			files = (
				3A060D381D9CADE9007F2B02 /* LaunchScreen.storyboard in Resources */,
				3A6C94781DAB1BFD002A7EA3 /* hulyo.jpg in Resources */,
				3A6C947A1DAB23F4002A7EA3 /* Sofia Pro Bold.otf in Resources */,
				3A083B9F1DA4357C0092AE75 /* Main.storyboard in Resources */,
				3A22A3EB1DA3A86C0011B467 /* Sofia Pro Light.otf in Resources */,
				3A060D351D9CADE9007F2B02 /* Assets.xcassets in Resources */,
				3AEB8B2D1DAB46670004A191 /* splash_screen.png in Resources */,
				3A45BAB11DE926BB0062081E /* GoogleService-Info.plist in Resources */,
				3A22A3EC1DA3A86C0011B467 /* Sofia Pro Regular.otf in Resources */,
				3A0317BE1DB9DD5800DA0A15 /* Sofia Pro Light Italic.otf in Resources */,
			);
			runOnlyForDeploymentPostprocessing = 0;
		};
/* End PBXResourcesBuildPhase section */

/* Begin PBXShellScriptBuildPhase section */
		25E8DD062E7128AE8DB20429 /* 📦 Copy Pods Resources */ = {
			isa = PBXShellScriptBuildPhase;
			buildActionMask = 2147483647;
			files = (
			);
			inputPaths = (
			);
			name = "📦 Copy Pods Resources";
			outputPaths = (
			);
			runOnlyForDeploymentPostprocessing = 0;
			shellPath = /bin/sh;
			shellScript = "\"${SRCROOT}/Pods/Target Support Files/Pods-Hueman/Pods-Hueman-resources.sh\"\n";
			showEnvVarsInLog = 0;
		};
		26882498B520B12CC853A412 /* 📦 Embed Pods Frameworks */ = {
			isa = PBXShellScriptBuildPhase;
			buildActionMask = 2147483647;
			files = (
			);
			inputPaths = (
			);
			name = "📦 Embed Pods Frameworks";
			outputPaths = (
			);
			runOnlyForDeploymentPostprocessing = 0;
			shellPath = /bin/sh;
			shellScript = "\"${SRCROOT}/Pods/Target Support Files/Pods-Hueman/Pods-Hueman-frameworks.sh\"\n";
			showEnvVarsInLog = 0;
		};
		3E0930FEE3FDC2A4C895B7C5 /* 📦 Check Pods Manifest.lock */ = {
			isa = PBXShellScriptBuildPhase;
			buildActionMask = 2147483647;
			files = (
			);
			inputPaths = (
			);
			name = "📦 Check Pods Manifest.lock";
			outputPaths = (
			);
			runOnlyForDeploymentPostprocessing = 0;
			shellPath = /bin/sh;
			shellScript = "diff \"${PODS_ROOT}/../Podfile.lock\" \"${PODS_ROOT}/Manifest.lock\" > /dev/null\nif [[ $? != 0 ]] ; then\n    cat << EOM\nerror: The sandbox is not in sync with the Podfile.lock. Run 'pod install' or update your CocoaPods installation.\nEOM\n    exit 1\nfi\n";
			showEnvVarsInLog = 0;
		};
/* End PBXShellScriptBuildPhase section */

/* Begin PBXSourcesBuildPhase section */
		3A060D261D9CADE9007F2B02 /* Sources */ = {
			isa = PBXSourcesBuildPhase;
			buildActionMask = 2147483647;
			files = (
				3A987B1A1DED1C6100388DDF /* Feed.swift in Sources */,
				3A154E5F1DCD7389005A79EC /* ConnectionLeftCell.swift in Sources */,
				3A154E5B1DCD7389005A79EC /* ConnectionLabel.swift in Sources */,
				3A6F75101DEBCDA500B8D1D3 /* FeedTextTableViewCell.swift in Sources */,
				3A154E5C1DCD7389005A79EC /* ConnectionLeftItem.swift in Sources */,
				3A154E481DCD7352005A79EC /* HueboardsViewController.swift in Sources */,
				3A154E781DCD8D77005A79EC /* PickHuesViewModel.swift in Sources */,
				3A154E4B1DCD7352005A79EC /* ConnectionProfileViewController.swift in Sources */,
				3A154E5E1DCD7389005A79EC /* ConnectionRightCell.swift in Sources */,
				3A154E641DCD7430005A79EC /* HueboardsLayout.swift in Sources */,
				3A154E451DCD7352005A79EC /* FilterOptionsViewController.swift in Sources */,
				3A060D2E1D9CADE9007F2B02 /* AppDelegate.swift in Sources */,
				3A154E4F1DCD7352005A79EC /* NavBar.swift in Sources */,
				3A154E601DCD7389005A79EC /* NotificationCell.swift in Sources */,
				3A154E611DCD7389005A79EC /* HueboardCell.swift in Sources */,
				3A154E251DCD6EA6005A79EC /* Hues.swift in Sources */,
				3A154E4C1DCD7352005A79EC /* ConnectionsViewController.swift in Sources */,
				3A154E361DCD7345005A79EC /* AutoLabel.swift in Sources */,
				3A154E761DCD7852005A79EC /* NetworkManager.swift in Sources */,
				3A154E241DCD6EA6005A79EC /* Theme.swift in Sources */,
				3A987B161DED1BC600388DDF /* KeychainWrapper.m in Sources */,
				3A154E461DCD7352005A79EC /* LoginViewController.swift in Sources */,
				3A987B1E1DED1D2500388DDF /* FeedManager.swift in Sources */,
				3A154E521DCD7352005A79EC /* SignupViewController.swift in Sources */,
				3A154E511DCD7352005A79EC /* HuesFeedViewController.swift in Sources */,
				3A154E4D1DCD7352005A79EC /* SearchBarViewController.swift in Sources */,
				3A154E5D1DCD7389005A79EC /* ConnectionRightItem.swift in Sources */,
				3A154E271DCD6EA6005A79EC /* Hueboard.swift in Sources */,
				3A154E501DCD7352005A79EC /* NotificationsViewController.swift in Sources */,
				3A987B191DED1C6100388DDF /* User.swift in Sources */,
				3A45BAAF1DE926430062081E /* Constants.swift in Sources */,
				3A154E2E1DCD71A1005A79EC /* RoundedCornersView.swift in Sources */,
				3A154E4E1DCD7352005A79EC /* TabBar.swift in Sources */,
				3A154E471DCD7352005A79EC /* PickHuesViewController.swift in Sources */,
				3A987B1C1DED1CDF00388DDF /* AuthenticationManager.swift in Sources */,
				3A154E261DCD6EA6005A79EC /* Profile.swift in Sources */,
				3A154E721DCD75FC005A79EC /* SWRevealViewController.m in Sources */,
				3A154E661DCD7458005A79EC /* HueboardsViewModel.swift in Sources */,
				3A154E341DCD72AA005A79EC /* UIColor+UIColorFromRGB.swift in Sources */,
				3A154E4A1DCD7352005A79EC /* ProfileViewController.swift in Sources */,
				3A154E491DCD7352005A79EC /* CreatePostViewController.swift in Sources */,
			);
			runOnlyForDeploymentPostprocessing = 0;
		};
/* End PBXSourcesBuildPhase section */

/* Begin PBXVariantGroup section */
		3A060D361D9CADE9007F2B02 /* LaunchScreen.storyboard */ = {
			isa = PBXVariantGroup;
			children = (
				3A060D371D9CADE9007F2B02 /* Base */,
			);
			name = LaunchScreen.storyboard;
			sourceTree = "<group>";
		};
		3A22A3EE1DA3B6080011B467 /* Main.storyboard */ = {
			isa = PBXVariantGroup;
			children = (
				3A22A3EF1DA3B6080011B467 /* Base */,
			);
			name = Main.storyboard;
			sourceTree = "<group>";
		};
/* End PBXVariantGroup section */

/* Begin XCBuildConfiguration section */
		3A060D3A1D9CADE9007F2B02 /* Debug */ = {
			isa = XCBuildConfiguration;
			buildSettings = {
				ALWAYS_SEARCH_USER_PATHS = NO;
				CLANG_ANALYZER_NONNULL = YES;
				CLANG_CXX_LANGUAGE_STANDARD = "gnu++0x";
				CLANG_CXX_LIBRARY = "libc++";
				CLANG_ENABLE_MODULES = YES;
				CLANG_ENABLE_OBJC_ARC = YES;
				CLANG_WARN_BOOL_CONVERSION = YES;
				CLANG_WARN_CONSTANT_CONVERSION = YES;
				CLANG_WARN_DIRECT_OBJC_ISA_USAGE = YES_ERROR;
				CLANG_WARN_DOCUMENTATION_COMMENTS = YES;
				CLANG_WARN_EMPTY_BODY = YES;
				CLANG_WARN_ENUM_CONVERSION = YES;
				CLANG_WARN_INFINITE_RECURSION = YES;
				CLANG_WARN_INT_CONVERSION = YES;
				CLANG_WARN_OBJC_ROOT_CLASS = YES_ERROR;
				CLANG_WARN_SUSPICIOUS_MOVE = YES;
				CLANG_WARN_SUSPICIOUS_MOVES = YES;
				CLANG_WARN_UNREACHABLE_CODE = YES;
				CLANG_WARN__DUPLICATE_METHOD_MATCH = YES;
				"CODE_SIGN_IDENTITY[sdk=iphoneos*]" = "iPhone Developer";
				COPY_PHASE_STRIP = NO;
				DEBUG_INFORMATION_FORMAT = dwarf;
				ENABLE_STRICT_OBJC_MSGSEND = YES;
				ENABLE_TESTABILITY = YES;
				GCC_C_LANGUAGE_STANDARD = gnu99;
				GCC_DYNAMIC_NO_PIC = NO;
				GCC_NO_COMMON_BLOCKS = YES;
				GCC_OPTIMIZATION_LEVEL = 0;
				GCC_PREPROCESSOR_DEFINITIONS = (
					"DEBUG=1",
					"$(inherited)",
				);
				GCC_WARN_64_TO_32_BIT_CONVERSION = YES;
				GCC_WARN_ABOUT_RETURN_TYPE = YES_ERROR;
				GCC_WARN_UNDECLARED_SELECTOR = YES;
				GCC_WARN_UNINITIALIZED_AUTOS = YES_AGGRESSIVE;
				GCC_WARN_UNUSED_FUNCTION = YES;
				GCC_WARN_UNUSED_VARIABLE = YES;
				IPHONEOS_DEPLOYMENT_TARGET = 10.0;
				MTL_ENABLE_DEBUG_INFO = YES;
				ONLY_ACTIVE_ARCH = YES;
				SDKROOT = iphoneos;
				SWIFT_ACTIVE_COMPILATION_CONDITIONS = DEBUG;
				SWIFT_OPTIMIZATION_LEVEL = "-Onone";
			};
			name = Debug;
		};
		3A060D3B1D9CADE9007F2B02 /* Release */ = {
			isa = XCBuildConfiguration;
			buildSettings = {
				ALWAYS_SEARCH_USER_PATHS = NO;
				CLANG_ANALYZER_NONNULL = YES;
				CLANG_CXX_LANGUAGE_STANDARD = "gnu++0x";
				CLANG_CXX_LIBRARY = "libc++";
				CLANG_ENABLE_MODULES = YES;
				CLANG_ENABLE_OBJC_ARC = YES;
				CLANG_WARN_BOOL_CONVERSION = YES;
				CLANG_WARN_CONSTANT_CONVERSION = YES;
				CLANG_WARN_DIRECT_OBJC_ISA_USAGE = YES_ERROR;
				CLANG_WARN_DOCUMENTATION_COMMENTS = YES;
				CLANG_WARN_EMPTY_BODY = YES;
				CLANG_WARN_ENUM_CONVERSION = YES;
				CLANG_WARN_INFINITE_RECURSION = YES;
				CLANG_WARN_INT_CONVERSION = YES;
				CLANG_WARN_OBJC_ROOT_CLASS = YES_ERROR;
				CLANG_WARN_SUSPICIOUS_MOVE = YES;
				CLANG_WARN_SUSPICIOUS_MOVES = YES;
				CLANG_WARN_UNREACHABLE_CODE = YES;
				CLANG_WARN__DUPLICATE_METHOD_MATCH = YES;
				"CODE_SIGN_IDENTITY[sdk=iphoneos*]" = "iPhone Developer";
				COPY_PHASE_STRIP = NO;
				DEBUG_INFORMATION_FORMAT = "dwarf-with-dsym";
				ENABLE_NS_ASSERTIONS = NO;
				ENABLE_STRICT_OBJC_MSGSEND = YES;
				GCC_C_LANGUAGE_STANDARD = gnu99;
				GCC_NO_COMMON_BLOCKS = YES;
				GCC_WARN_64_TO_32_BIT_CONVERSION = YES;
				GCC_WARN_ABOUT_RETURN_TYPE = YES_ERROR;
				GCC_WARN_UNDECLARED_SELECTOR = YES;
				GCC_WARN_UNINITIALIZED_AUTOS = YES_AGGRESSIVE;
				GCC_WARN_UNUSED_FUNCTION = YES;
				GCC_WARN_UNUSED_VARIABLE = YES;
				IPHONEOS_DEPLOYMENT_TARGET = 10.0;
				MTL_ENABLE_DEBUG_INFO = NO;
				SDKROOT = iphoneos;
				SWIFT_OPTIMIZATION_LEVEL = "-Owholemodule";
				VALIDATE_PRODUCT = YES;
			};
			name = Release;
		};
		3A060D3D1D9CADE9007F2B02 /* Debug */ = {
			isa = XCBuildConfiguration;
			baseConfigurationReference = 20C7B4D02A2CCFF1A0614B46 /* Pods-Hueman.debug.xcconfig */;
			buildSettings = {
				ASSETCATALOG_COMPILER_APPICON_NAME = AppIcon;
				CLANG_ENABLE_MODULES = YES;
				CODE_SIGN_ENTITLEMENTS = Hueman/Hueman.entitlements;
				DEVELOPMENT_TEAM = 2F2MGP4R3K;
				INFOPLIST_FILE = Hueman/Info.plist;
				IPHONEOS_DEPLOYMENT_TARGET = 9.3;
				LD_RUNPATH_SEARCH_PATHS = "$(inherited) @executable_path/Frameworks";
				PRODUCT_BUNDLE_IDENTIFIER = io.efthemiosprime.Hueman;
				PRODUCT_NAME = "$(TARGET_NAME)";
				SWIFT_OBJC_BRIDGING_HEADER = "Hueman/Helpers/Hueman-Bridging-Header.h";
				SWIFT_OPTIMIZATION_LEVEL = "-Onone";
				SWIFT_VERSION = 2.3;
			};
			name = Debug;
		};
		3A060D3E1D9CADE9007F2B02 /* Release */ = {
			isa = XCBuildConfiguration;
			baseConfigurationReference = 907D402A993B1CD31B707647 /* Pods-Hueman.release.xcconfig */;
			buildSettings = {
				ASSETCATALOG_COMPILER_APPICON_NAME = AppIcon;
				CLANG_ENABLE_MODULES = YES;
				CODE_SIGN_ENTITLEMENTS = Hueman/Hueman.entitlements;
				DEVELOPMENT_TEAM = 2F2MGP4R3K;
				INFOPLIST_FILE = Hueman/Info.plist;
				IPHONEOS_DEPLOYMENT_TARGET = 9.3;
				LD_RUNPATH_SEARCH_PATHS = "$(inherited) @executable_path/Frameworks";
				PRODUCT_BUNDLE_IDENTIFIER = io.efthemiosprime.Hueman;
				PRODUCT_NAME = "$(TARGET_NAME)";
				SWIFT_OBJC_BRIDGING_HEADER = "Hueman/Helpers/Hueman-Bridging-Header.h";
				SWIFT_VERSION = 2.3;
			};
			name = Release;
		};
/* End XCBuildConfiguration section */

/* Begin XCConfigurationList section */
		3A060D251D9CADE9007F2B02 /* Build configuration list for PBXProject "Hueman" */ = {
			isa = XCConfigurationList;
			buildConfigurations = (
				3A060D3A1D9CADE9007F2B02 /* Debug */,
				3A060D3B1D9CADE9007F2B02 /* Release */,
			);
			defaultConfigurationIsVisible = 0;
			defaultConfigurationName = Release;
		};
		3A060D3C1D9CADE9007F2B02 /* Build configuration list for PBXNativeTarget "Hueman" */ = {
			isa = XCConfigurationList;
			buildConfigurations = (
				3A060D3D1D9CADE9007F2B02 /* Debug */,
				3A060D3E1D9CADE9007F2B02 /* Release */,
			);
			defaultConfigurationIsVisible = 0;
			defaultConfigurationName = Release;
		};
/* End XCConfigurationList section */
	};
	rootObject = 3A060D221D9CADE9007F2B02 /* Project object */;
}
