// !$*UTF8*$!
{
	archiveVersion = 1;
	classes = {
	};
	objectVersion = 46;
	objects = {

/* Begin PBXBuildFile section */
		3A0317BE1DB9DD5800DA0A15 /* Sofia Pro Light Italic.otf in Resources */ = {isa = PBXBuildFile; fileRef = 3A0317BD1DB9DD5800DA0A15 /* Sofia Pro Light Italic.otf */; };
		3A060D2E1D9CADE9007F2B02 /* AppDelegate.swift in Sources */ = {isa = PBXBuildFile; fileRef = 3A060D2D1D9CADE9007F2B02 /* AppDelegate.swift */; };
		3A060D351D9CADE9007F2B02 /* Assets.xcassets in Resources */ = {isa = PBXBuildFile; fileRef = 3A060D341D9CADE9007F2B02 /* Assets.xcassets */; };
		3A060D381D9CADE9007F2B02 /* LaunchScreen.storyboard in Resources */ = {isa = PBXBuildFile; fileRef = 3A060D361D9CADE9007F2B02 /* LaunchScreen.storyboard */; };
		3A083B9F1DA4357C0092AE75 /* Main.storyboard in Resources */ = {isa = PBXBuildFile; fileRef = 3A22A3EE1DA3B6080011B467 /* Main.storyboard */; };
		3A0AB1911E086E1300295AA5 /* Request.swift in Sources */ = {isa = PBXBuildFile; fileRef = 3A0AB1901E086E1300295AA5 /* Request.swift */; };
		3A0AB1931E086ECB00295AA5 /* Friendship.swift in Sources */ = {isa = PBXBuildFile; fileRef = 3A0AB1921E086ECB00295AA5 /* Friendship.swift */; };
		3A0B4BB61E92B0F800A6F1BB /* FacebookInterstitialController.swift in Sources */ = {isa = PBXBuildFile; fileRef = 3A0B4BB51E92B0F800A6F1BB /* FacebookInterstitialController.swift */; };
		3A10BC5A1DF60A1F00B0CADC /* ConnectionCell.swift in Sources */ = {isa = PBXBuildFile; fileRef = 3A10BC591DF60A1F00B0CADC /* ConnectionCell.swift */; };
		3A12A11E1E889B69006FD410 /* WelcomeController.swift in Sources */ = {isa = PBXBuildFile; fileRef = 3A12A11D1E889B69006FD410 /* WelcomeController.swift */; };
		3A14FEF41E5CE6EE00B6FDB0 /* CreateProfileViewModel.swift in Sources */ = {isa = PBXBuildFile; fileRef = 3A14FEF31E5CE6EE00B6FDB0 /* CreateProfileViewModel.swift */; };
		3A154E241DCD6EA6005A79EC /* Theme.swift in Sources */ = {isa = PBXBuildFile; fileRef = 3A154E201DCD6EA6005A79EC /* Theme.swift */; };
		3A154E251DCD6EA6005A79EC /* Hues.swift in Sources */ = {isa = PBXBuildFile; fileRef = 3A154E211DCD6EA6005A79EC /* Hues.swift */; };
		3A154E271DCD6EA6005A79EC /* Hueboard.swift in Sources */ = {isa = PBXBuildFile; fileRef = 3A154E231DCD6EA6005A79EC /* Hueboard.swift */; };
		3A154E2E1DCD71A1005A79EC /* RoundedCornersView.swift in Sources */ = {isa = PBXBuildFile; fileRef = 3A154E2D1DCD71A1005A79EC /* RoundedCornersView.swift */; };
		3A154E341DCD72AA005A79EC /* UIColor+UIColorFromRGB.swift in Sources */ = {isa = PBXBuildFile; fileRef = 3A154E331DCD72AA005A79EC /* UIColor+UIColorFromRGB.swift */; };
		3A154E361DCD7345005A79EC /* AutoLabel.swift in Sources */ = {isa = PBXBuildFile; fileRef = 3A154E351DCD7345005A79EC /* AutoLabel.swift */; };
		3A154E481DCD7352005A79EC /* HueboardsViewController.swift in Sources */ = {isa = PBXBuildFile; fileRef = 3A154E3A1DCD7352005A79EC /* HueboardsViewController.swift */; };
		3A154E491DCD7352005A79EC /* CreatePostViewController.swift in Sources */ = {isa = PBXBuildFile; fileRef = 3A154E3B1DCD7352005A79EC /* CreatePostViewController.swift */; };
		3A154E4A1DCD7352005A79EC /* ProfileViewController.swift in Sources */ = {isa = PBXBuildFile; fileRef = 3A154E3C1DCD7352005A79EC /* ProfileViewController.swift */; };
		3A154E4B1DCD7352005A79EC /* ConnectionProfileViewController.swift in Sources */ = {isa = PBXBuildFile; fileRef = 3A154E3D1DCD7352005A79EC /* ConnectionProfileViewController.swift */; };
		3A154E4C1DCD7352005A79EC /* ConnectionsViewController.swift in Sources */ = {isa = PBXBuildFile; fileRef = 3A154E3E1DCD7352005A79EC /* ConnectionsViewController.swift */; };
		3A154E4E1DCD7352005A79EC /* TabBar.swift in Sources */ = {isa = PBXBuildFile; fileRef = 3A154E401DCD7352005A79EC /* TabBar.swift */; };
		3A154E4F1DCD7352005A79EC /* NavBar.swift in Sources */ = {isa = PBXBuildFile; fileRef = 3A154E411DCD7352005A79EC /* NavBar.swift */; };
		3A154E501DCD7352005A79EC /* NotificationsViewController.swift in Sources */ = {isa = PBXBuildFile; fileRef = 3A154E421DCD7352005A79EC /* NotificationsViewController.swift */; };
		3A154E511DCD7352005A79EC /* HuesFeedViewController.swift in Sources */ = {isa = PBXBuildFile; fileRef = 3A154E431DCD7352005A79EC /* HuesFeedViewController.swift */; };
		3A154E5B1DCD7389005A79EC /* ConnectionLabel.swift in Sources */ = {isa = PBXBuildFile; fileRef = 3A154E541DCD7389005A79EC /* ConnectionLabel.swift */; };
		3A154E5C1DCD7389005A79EC /* ConnectionLeftItem.swift in Sources */ = {isa = PBXBuildFile; fileRef = 3A154E551DCD7389005A79EC /* ConnectionLeftItem.swift */; };
		3A154E5D1DCD7389005A79EC /* ConnectionRightItem.swift in Sources */ = {isa = PBXBuildFile; fileRef = 3A154E561DCD7389005A79EC /* ConnectionRightItem.swift */; };
		3A154E601DCD7389005A79EC /* NotificationCell.swift in Sources */ = {isa = PBXBuildFile; fileRef = 3A154E591DCD7389005A79EC /* NotificationCell.swift */; };
		3A154E611DCD7389005A79EC /* HueboardCell.swift in Sources */ = {isa = PBXBuildFile; fileRef = 3A154E5A1DCD7389005A79EC /* HueboardCell.swift */; };
		3A154E641DCD7430005A79EC /* HueboardsLayout.swift in Sources */ = {isa = PBXBuildFile; fileRef = 3A154E631DCD7430005A79EC /* HueboardsLayout.swift */; };
		3A154E661DCD7458005A79EC /* HueboardsViewModel.swift in Sources */ = {isa = PBXBuildFile; fileRef = 3A154E651DCD7458005A79EC /* HueboardsViewModel.swift */; };
		3A154E721DCD75FC005A79EC /* SWRevealViewController.m in Sources */ = {isa = PBXBuildFile; fileRef = 3A154E701DCD75FC005A79EC /* SWRevealViewController.m */; };
		3A154E761DCD7852005A79EC /* NetworkManager.swift in Sources */ = {isa = PBXBuildFile; fileRef = 3A154E751DCD7852005A79EC /* NetworkManager.swift */; };
		3A16041F1E91B4BC00FF4DCB /* AddBioController.swift in Sources */ = {isa = PBXBuildFile; fileRef = 3A16041E1E91B4BC00FF4DCB /* AddBioController.swift */; };
		3A1604211E91BF1F00FF4DCB /* InterstitialController.swift in Sources */ = {isa = PBXBuildFile; fileRef = 3A1604201E91BF1F00FF4DCB /* InterstitialController.swift */; };
		3A1604231E91DF0700FF4DCB /* ControllersStackManager.swift in Sources */ = {isa = PBXBuildFile; fileRef = 3A1604221E91DF0700FF4DCB /* ControllersStackManager.swift */; };
		3A1604251E91FAC000FF4DCB /* AddHuesController.swift in Sources */ = {isa = PBXBuildFile; fileRef = 3A1604241E91FAC000FF4DCB /* AddHuesController.swift */; };
		3A16DFE91E6222C8007AD51B /* CommentLike.swift in Sources */ = {isa = PBXBuildFile; fileRef = 3A16DFE81E6222C8007AD51B /* CommentLike.swift */; };
		3A21B4241E03909300CDF8B5 /* AddConnectionsController.swift in Sources */ = {isa = PBXBuildFile; fileRef = 3A21B4231E03909300CDF8B5 /* AddConnectionsController.swift */; };
		3A22A3EB1DA3A86C0011B467 /* Sofia Pro Light.otf in Resources */ = {isa = PBXBuildFile; fileRef = 3A22A3E91DA3A86C0011B467 /* Sofia Pro Light.otf */; };
		3A22A3EC1DA3A86C0011B467 /* Sofia Pro Regular.otf in Resources */ = {isa = PBXBuildFile; fileRef = 3A22A3EA1DA3A86C0011B467 /* Sofia Pro Regular.otf */; };
		3A2796321E5E3B1D00682BAD /* NetworkReachability.swift in Sources */ = {isa = PBXBuildFile; fileRef = 3A2796311E5E3B1D00682BAD /* NetworkReachability.swift */; };
		3A2DE15A1E441DC5001C3170 /* Flag.swift in Sources */ = {isa = PBXBuildFile; fileRef = 3A2DE1591E441DC5001C3170 /* Flag.swift */; };
		3A31D4B61E63DAD800A83272 /* PendingRequest.swift in Sources */ = {isa = PBXBuildFile; fileRef = 3A31D4B51E63DAD800A83272 /* PendingRequest.swift */; };
		3A3745341E8C97F200369479 /* SignupManager.swift in Sources */ = {isa = PBXBuildFile; fileRef = 3A3745331E8C97F200369479 /* SignupManager.swift */; };
		3A39639E1E21DEE70021279A /* NSDate+Offset.swift in Sources */ = {isa = PBXBuildFile; fileRef = 3A39639D1E21DEE70021279A /* NSDate+Offset.swift */; };
		3A3963A01E222AA70021279A /* Notification.swift in Sources */ = {isa = PBXBuildFile; fileRef = 3A39639F1E222AA70021279A /* Notification.swift */; };
		3A3AF70A1E8A087200ED793F /* AddBirthdayController.swift in Sources */ = {isa = PBXBuildFile; fileRef = 3A3AF7091E8A087200ED793F /* AddBirthdayController.swift */; };
		3A3B2AC91DF8FA83004350A0 /* CreateProfileViewController.swift in Sources */ = {isa = PBXBuildFile; fileRef = 3A3B2AC81DF8FA83004350A0 /* CreateProfileViewController.swift */; };
		3A45BAAF1DE926430062081E /* Constants.swift in Sources */ = {isa = PBXBuildFile; fileRef = 3A45BAAE1DE926430062081E /* Constants.swift */; };
		3A45BAB11DE926BB0062081E /* GoogleService-Info.plist in Resources */ = {isa = PBXBuildFile; fileRef = 3A45BAB01DE926BB0062081E /* GoogleService-Info.plist */; };
		3A48D7B01E1C839600AB2FB6 /* SegueFromRight.swift in Sources */ = {isa = PBXBuildFile; fileRef = 3A48D7AF1E1C839600AB2FB6 /* SegueFromRight.swift */; };
		3A48D7B21E1C83F800AB2FB6 /* UnwindSegueFromRight.swift in Sources */ = {isa = PBXBuildFile; fileRef = 3A48D7B11E1C83F800AB2FB6 /* UnwindSegueFromRight.swift */; };
		3A667DCB1DFD305F0060CF2B /* CommentsViewController.swift in Sources */ = {isa = PBXBuildFile; fileRef = 3A667DCA1DFD305F0060CF2B /* CommentsViewController.swift */; };
		3A6C94721DAB12F6002A7EA3 /* CoreGraphics.framework in Frameworks */ = {isa = PBXBuildFile; fileRef = 3A6C94711DAB12F6002A7EA3 /* CoreGraphics.framework */; };
		3A6C94741DAB139B002A7EA3 /* QuartzCore.framework in Frameworks */ = {isa = PBXBuildFile; fileRef = 3A6C94731DAB139B002A7EA3 /* QuartzCore.framework */; };
		3A6C94781DAB1BFD002A7EA3 /* hulyo.jpg in Resources */ = {isa = PBXBuildFile; fileRef = 3A6C94771DAB1BFD002A7EA3 /* hulyo.jpg */; };
		3A6C947A1DAB23F4002A7EA3 /* Sofia Pro Bold.otf in Resources */ = {isa = PBXBuildFile; fileRef = 3A6C94791DAB23F4002A7EA3 /* Sofia Pro Bold.otf */; };
		3A6F75101DEBCDA500B8D1D3 /* FeedTextTableViewCell.swift in Sources */ = {isa = PBXBuildFile; fileRef = 3A6F750F1DEBCDA500B8D1D3 /* FeedTextTableViewCell.swift */; };
		3A76055E1E0DEB8100E682AD /* ConnectionsViewModel.swift in Sources */ = {isa = PBXBuildFile; fileRef = 3A76055D1E0DEB8100E682AD /* ConnectionsViewModel.swift */; };
		3A7605601E0DEF9100E682AD /* AuthenticationManager.swift in Sources */ = {isa = PBXBuildFile; fileRef = 3A76055F1E0DEF9100E682AD /* AuthenticationManager.swift */; };
		3A7605621E0E013900E682AD /* Camera.swift in Sources */ = {isa = PBXBuildFile; fileRef = 3A7605611E0E013900E682AD /* Camera.swift */; };
		3A7605641E0E080800E682AD /* UIImage+resizeWith.swift in Sources */ = {isa = PBXBuildFile; fileRef = 3A7605631E0E080800E682AD /* UIImage+resizeWith.swift */; };
		3A7605661E0E3DA200E682AD /* HuesFeedViewModel.swift in Sources */ = {isa = PBXBuildFile; fileRef = 3A7605651E0E3DA200E682AD /* HuesFeedViewModel.swift */; };
		3A7E830D1E2C43BE00D76F9A /* FeedController.swift in Sources */ = {isa = PBXBuildFile; fileRef = 3A7E830C1E2C43BE00D76F9A /* FeedController.swift */; };
		3A7E830F1E2C4BF900D76F9A /* FeedViewModel.swift in Sources */ = {isa = PBXBuildFile; fileRef = 3A7E830E1E2C4BF900D76F9A /* FeedViewModel.swift */; };
		3A82E6681E118A38008F520A /* Comment.swift in Sources */ = {isa = PBXBuildFile; fileRef = 3A82E6671E118A38008F520A /* Comment.swift */; };
		3A82E66A1E118D00008F520A /* CommentCell.swift in Sources */ = {isa = PBXBuildFile; fileRef = 3A82E6691E118D00008F520A /* CommentCell.swift */; };
		3A82E66C1E11977F008F520A /* CommentsViewModel.swift in Sources */ = {isa = PBXBuildFile; fileRef = 3A82E66B1E11977F008F520A /* CommentsViewModel.swift */; };
		3A82E66E1E11BA8F008F520A /* Like.swift in Sources */ = {isa = PBXBuildFile; fileRef = 3A82E66D1E11BA8F008F520A /* Like.swift */; };
		3A8B07611DF7D48C0002D9EE /* FeedImageTableViewCell.swift in Sources */ = {isa = PBXBuildFile; fileRef = 3A8B07601DF7D48C0002D9EE /* FeedImageTableViewCell.swift */; };
		3A8BCFB11E078C19007AE84B /* RegistrationManager.swift in Sources */ = {isa = PBXBuildFile; fileRef = 3A8BCFB01E078C19007AE84B /* RegistrationManager.swift */; };
		3A8FC23D1E418605008E8142 /* AddHuesPageController.swift in Sources */ = {isa = PBXBuildFile; fileRef = 3A8FC23C1E418605008E8142 /* AddHuesPageController.swift */; };
		3A96FD1F1E93336500766BEF /* UIView+ parentViewController.swift in Sources */ = {isa = PBXBuildFile; fileRef = 3A96FD1E1E93336500766BEF /* UIView+ parentViewController.swift */; };
		3A982BB81DF9023D005DF901 /* CreateProfileViewController+Handlers.swift in Sources */ = {isa = PBXBuildFile; fileRef = 3A982BB71DF9023D005DF901 /* CreateProfileViewController+Handlers.swift */; };
		3A987B161DED1BC600388DDF /* KeychainWrapper.m in Sources */ = {isa = PBXBuildFile; fileRef = 3A987B151DED1BC600388DDF /* KeychainWrapper.m */; };
		3A987B191DED1C6100388DDF /* User.swift in Sources */ = {isa = PBXBuildFile; fileRef = 3A987B171DED1C6100388DDF /* User.swift */; };
		3A987B1A1DED1C6100388DDF /* Feed.swift in Sources */ = {isa = PBXBuildFile; fileRef = 3A987B181DED1C6100388DDF /* Feed.swift */; };
		3A987B1C1DED1CDF00388DDF /* FirebaseManager.swift in Sources */ = {isa = PBXBuildFile; fileRef = 3A987B1B1DED1CDF00388DDF /* FirebaseManager.swift */; };
		3A987B1E1DED1D2500388DDF /* FeedManager.swift in Sources */ = {isa = PBXBuildFile; fileRef = 3A987B1D1DED1D2500388DDF /* FeedManager.swift */; };
		3A98C7E51E22AA3A0009B793 /* NotificationsManager.swift in Sources */ = {isa = PBXBuildFile; fileRef = 3A98C7E41E22AA3A0009B793 /* NotificationsManager.swift */; };
		3A98C7E71E22C2290009B793 /* NotificationsViewModel.swift in Sources */ = {isa = PBXBuildFile; fileRef = 3A98C7E61E22C2290009B793 /* NotificationsViewModel.swift */; };
		3AA3B35E1E123437007D5E9E /* PopoverViewController.swift in Sources */ = {isa = PBXBuildFile; fileRef = 3AA3B35D1E123437007D5E9E /* PopoverViewController.swift */; };
		3AA4DFB81E0CDB6F00BF75A1 /* AppSettings.swift in Sources */ = {isa = PBXBuildFile; fileRef = 3AA4DFB71E0CDB6F00BF75A1 /* AppSettings.swift */; };
		3AA4DFBA1E0CDEAB00BF75A1 /* FilterController.swift in Sources */ = {isa = PBXBuildFile; fileRef = 3AA4DFB91E0CDEAB00BF75A1 /* FilterController.swift */; };
		3AB06AD91E883A2D00A7AD1F /* RoundedCornersButton.swift in Sources */ = {isa = PBXBuildFile; fileRef = 3AB06AD81E883A2D00A7AD1F /* RoundedCornersButton.swift */; };
		3AB900CA1DFE5D8E0038D147 /* TextField.swift in Sources */ = {isa = PBXBuildFile; fileRef = 3AB900C91DFE5D8E0038D147 /* TextField.swift */; };
		3ABDCBFC1E8855D8006B97AE /* LoginController.swift in Sources */ = {isa = PBXBuildFile; fileRef = 3ABDCBFB1E8855D8006B97AE /* LoginController.swift */; };
		3ABDCBFE1E8856F3006B97AE /* SignupController.swift in Sources */ = {isa = PBXBuildFile; fileRef = 3ABDCBFD1E8856F3006B97AE /* SignupController.swift */; };
		3ABDCC001E886232006B97AE /* AddNameController.swift in Sources */ = {isa = PBXBuildFile; fileRef = 3ABDCBFF1E886232006B97AE /* AddNameController.swift */; };
		3ABDCC021E88629E006B97AE /* AddProfilePhotoController.swift in Sources */ = {isa = PBXBuildFile; fileRef = 3ABDCC011E88629E006B97AE /* AddProfilePhotoController.swift */; };
		3ACF44381E17718B00CB97DF /* AddLocationController.swift in Sources */ = {isa = PBXBuildFile; fileRef = 3ACF44371E17718B00CB97DF /* AddLocationController.swift */; };
		3ACF443A1E17872300CB97DF /* AddHueController.swift in Sources */ = {isa = PBXBuildFile; fileRef = 3ACF44391E17872300CB97DF /* AddHueController.swift */; };
		3ADE12351E171C2500BE3DE6 /* ProfileHue.swift in Sources */ = {isa = PBXBuildFile; fileRef = 3ADE12341E171C2500BE3DE6 /* ProfileHue.swift */; };
		3ADE12371E171DF800BE3DE6 /* ProfileHueModel.swift in Sources */ = {isa = PBXBuildFile; fileRef = 3ADE12361E171DF800BE3DE6 /* ProfileHueModel.swift */; };
		3ADF90151E3D9778008138A6 /* DrawerControllerController.swift in Sources */ = {isa = PBXBuildFile; fileRef = 3ADF90141E3D9778008138A6 /* DrawerControllerController.swift */; };
		3AEB8B2D1DAB46670004A191 /* splash_screen.png in Resources */ = {isa = PBXBuildFile; fileRef = 3AEB8B2C1DAB46670004A191 /* splash_screen.png */; };
		3AEFA4691E198A18005C78D2 /* CircleHues.swift in Sources */ = {isa = PBXBuildFile; fileRef = 3AEFA4681E198A18005C78D2 /* CircleHues.swift */; };
		3AEFA46B1E198C98005C78D2 /* ActivityIndicator.swift in Sources */ = {isa = PBXBuildFile; fileRef = 3AEFA46A1E198C98005C78D2 /* ActivityIndicator.swift */; };
		3AEFA46D1E19B62B005C78D2 /* Hue.swift in Sources */ = {isa = PBXBuildFile; fileRef = 3AEFA46C1E19B62B005C78D2 /* Hue.swift */; };
		3AEFA46F1E19D4D3005C78D2 /* String+CapitilizingFirstLetter.swift in Sources */ = {isa = PBXBuildFile; fileRef = 3AEFA46E1E19D4D3005C78D2 /* String+CapitilizingFirstLetter.swift */; };
		3AEFA4731E19EB88005C78D2 /* ErrorController.swift in Sources */ = {isa = PBXBuildFile; fileRef = 3AEFA4721E19EB88005C78D2 /* ErrorController.swift */; };
		3AFB8EE91E468F7B0035B609 /* MessageUI.framework in Frameworks */ = {isa = PBXBuildFile; fileRef = 3AFB8EE81E468F7B0035B609 /* MessageUI.framework */; };
		3C2A963E1EAC684900BC84DB /* OnboardingController.swift in Sources */ = {isa = PBXBuildFile; fileRef = 3C2A963D1EAC684900BC84DB /* OnboardingController.swift */; };
		3C2A96421EAC73DC00BC84DB /* OnboardingPageController.swift in Sources */ = {isa = PBXBuildFile; fileRef = 3C2A96411EAC73DC00BC84DB /* OnboardingPageController.swift */; };
		3C2A96441EAC74B100BC84DB /* Onboarding.swift in Sources */ = {isa = PBXBuildFile; fileRef = 3C2A96431EAC74B100BC84DB /* Onboarding.swift */; };
		3C7FB2A21E04533900FF3160 /* Connection.swift in Sources */ = {isa = PBXBuildFile; fileRef = 3C7FB2A11E04533900FF3160 /* Connection.swift */; };
		3C908B7E1E04937F00DA0109 /* AddUserCell.swift in Sources */ = {isa = PBXBuildFile; fileRef = 3C908B7D1E04937F00DA0109 /* AddUserCell.swift */; };
		BD740C1BF57CB4BBD2D083F2 /* Pods_Hueman.framework in Frameworks */ = {isa = PBXBuildFile; fileRef = DCDB8932AF19BBB6F0B39963 /* Pods_Hueman.framework */; };
/* End PBXBuildFile section */

/* Begin PBXFileReference section */
		20C7B4D02A2CCFF1A0614B46 /* Pods-Hueman.debug.xcconfig */ = {isa = PBXFileReference; includeInIndex = 1; lastKnownFileType = text.xcconfig; name = "Pods-Hueman.debug.xcconfig"; path = "Pods/Target Support Files/Pods-Hueman/Pods-Hueman.debug.xcconfig"; sourceTree = "<group>"; };
		3A0317BD1DB9DD5800DA0A15 /* Sofia Pro Light Italic.otf */ = {isa = PBXFileReference; lastKnownFileType = file; name = "Sofia Pro Light Italic.otf"; path = "Fonts/Sofia Pro Light Italic.otf"; sourceTree = "<group>"; };
		3A060D2A1D9CADE9007F2B02 /* Hueman.app */ = {isa = PBXFileReference; explicitFileType = wrapper.application; includeInIndex = 0; path = Hueman.app; sourceTree = BUILT_PRODUCTS_DIR; };
		3A060D2D1D9CADE9007F2B02 /* AppDelegate.swift */ = {isa = PBXFileReference; lastKnownFileType = sourcecode.swift; path = AppDelegate.swift; sourceTree = "<group>"; };
		3A060D341D9CADE9007F2B02 /* Assets.xcassets */ = {isa = PBXFileReference; lastKnownFileType = folder.assetcatalog; path = Assets.xcassets; sourceTree = "<group>"; };
		3A060D371D9CADE9007F2B02 /* Base */ = {isa = PBXFileReference; lastKnownFileType = file.storyboard; name = Base; path = Base.lproj/LaunchScreen.storyboard; sourceTree = "<group>"; };
		3A060D391D9CADE9007F2B02 /* Info.plist */ = {isa = PBXFileReference; lastKnownFileType = text.plist.xml; path = Info.plist; sourceTree = "<group>"; };
		3A0AB1901E086E1300295AA5 /* Request.swift */ = {isa = PBXFileReference; fileEncoding = 4; lastKnownFileType = sourcecode.swift; name = Request.swift; path = Models/Request.swift; sourceTree = "<group>"; };
		3A0AB1921E086ECB00295AA5 /* Friendship.swift */ = {isa = PBXFileReference; fileEncoding = 4; lastKnownFileType = sourcecode.swift; name = Friendship.swift; path = Models/Friendship.swift; sourceTree = "<group>"; };
		3A0B4BB51E92B0F800A6F1BB /* FacebookInterstitialController.swift */ = {isa = PBXFileReference; fileEncoding = 4; lastKnownFileType = sourcecode.swift; name = FacebookInterstitialController.swift; path = ViewControllers/FacebookInterstitialController.swift; sourceTree = "<group>"; };
		3A10BC591DF60A1F00B0CADC /* ConnectionCell.swift */ = {isa = PBXFileReference; fileEncoding = 4; lastKnownFileType = sourcecode.swift; name = ConnectionCell.swift; path = Views/ConnectionCell.swift; sourceTree = "<group>"; };
		3A12A11D1E889B69006FD410 /* WelcomeController.swift */ = {isa = PBXFileReference; fileEncoding = 4; lastKnownFileType = sourcecode.swift; name = WelcomeController.swift; path = ViewControllers/WelcomeController.swift; sourceTree = "<group>"; };
		3A14FEF31E5CE6EE00B6FDB0 /* CreateProfileViewModel.swift */ = {isa = PBXFileReference; fileEncoding = 4; lastKnownFileType = sourcecode.swift; name = CreateProfileViewModel.swift; path = ViewModels/CreateProfileViewModel.swift; sourceTree = "<group>"; };
		3A154E201DCD6EA6005A79EC /* Theme.swift */ = {isa = PBXFileReference; fileEncoding = 4; lastKnownFileType = sourcecode.swift; name = Theme.swift; path = Models/Theme.swift; sourceTree = "<group>"; };
		3A154E211DCD6EA6005A79EC /* Hues.swift */ = {isa = PBXFileReference; fileEncoding = 4; lastKnownFileType = sourcecode.swift; name = Hues.swift; path = Models/Hues.swift; sourceTree = "<group>"; };
		3A154E231DCD6EA6005A79EC /* Hueboard.swift */ = {isa = PBXFileReference; fileEncoding = 4; lastKnownFileType = sourcecode.swift; name = Hueboard.swift; path = Models/Hueboard.swift; sourceTree = "<group>"; };
		3A154E2D1DCD71A1005A79EC /* RoundedCornersView.swift */ = {isa = PBXFileReference; fileEncoding = 4; lastKnownFileType = sourcecode.swift; name = RoundedCornersView.swift; path = Hueman/Helpers/RoundedCornersView.swift; sourceTree = "<group>"; };
		3A154E331DCD72AA005A79EC /* UIColor+UIColorFromRGB.swift */ = {isa = PBXFileReference; fileEncoding = 4; lastKnownFileType = sourcecode.swift; name = "UIColor+UIColorFromRGB.swift"; path = "Extensions/UIColor+UIColorFromRGB.swift"; sourceTree = "<group>"; };
		3A154E351DCD7345005A79EC /* AutoLabel.swift */ = {isa = PBXFileReference; fileEncoding = 4; lastKnownFileType = sourcecode.swift; name = AutoLabel.swift; path = Hueman/Helpers/AutoLabel.swift; sourceTree = "<group>"; };
		3A154E3A1DCD7352005A79EC /* HueboardsViewController.swift */ = {isa = PBXFileReference; fileEncoding = 4; lastKnownFileType = sourcecode.swift; name = HueboardsViewController.swift; path = ViewControllers/HueboardsViewController.swift; sourceTree = "<group>"; };
		3A154E3B1DCD7352005A79EC /* CreatePostViewController.swift */ = {isa = PBXFileReference; fileEncoding = 4; lastKnownFileType = sourcecode.swift; name = CreatePostViewController.swift; path = ViewControllers/CreatePostViewController.swift; sourceTree = "<group>"; };
		3A154E3C1DCD7352005A79EC /* ProfileViewController.swift */ = {isa = PBXFileReference; fileEncoding = 4; lastKnownFileType = sourcecode.swift; name = ProfileViewController.swift; path = ViewControllers/ProfileViewController.swift; sourceTree = "<group>"; };
		3A154E3D1DCD7352005A79EC /* ConnectionProfileViewController.swift */ = {isa = PBXFileReference; fileEncoding = 4; lastKnownFileType = sourcecode.swift; name = ConnectionProfileViewController.swift; path = ViewControllers/ConnectionProfileViewController.swift; sourceTree = "<group>"; };
		3A154E3E1DCD7352005A79EC /* ConnectionsViewController.swift */ = {isa = PBXFileReference; fileEncoding = 4; lastKnownFileType = sourcecode.swift; name = ConnectionsViewController.swift; path = ViewControllers/ConnectionsViewController.swift; sourceTree = "<group>"; };
		3A154E401DCD7352005A79EC /* TabBar.swift */ = {isa = PBXFileReference; fileEncoding = 4; lastKnownFileType = sourcecode.swift; name = TabBar.swift; path = ViewControllers/TabBar.swift; sourceTree = "<group>"; };
		3A154E411DCD7352005A79EC /* NavBar.swift */ = {isa = PBXFileReference; fileEncoding = 4; lastKnownFileType = sourcecode.swift; name = NavBar.swift; path = ViewControllers/NavBar.swift; sourceTree = "<group>"; };
		3A154E421DCD7352005A79EC /* NotificationsViewController.swift */ = {isa = PBXFileReference; fileEncoding = 4; lastKnownFileType = sourcecode.swift; name = NotificationsViewController.swift; path = ViewControllers/NotificationsViewController.swift; sourceTree = "<group>"; };
		3A154E431DCD7352005A79EC /* HuesFeedViewController.swift */ = {isa = PBXFileReference; fileEncoding = 4; lastKnownFileType = sourcecode.swift; name = HuesFeedViewController.swift; path = ViewControllers/HuesFeedViewController.swift; sourceTree = "<group>"; };
		3A154E541DCD7389005A79EC /* ConnectionLabel.swift */ = {isa = PBXFileReference; fileEncoding = 4; lastKnownFileType = sourcecode.swift; name = ConnectionLabel.swift; path = Views/ConnectionLabel.swift; sourceTree = "<group>"; };
		3A154E551DCD7389005A79EC /* ConnectionLeftItem.swift */ = {isa = PBXFileReference; fileEncoding = 4; lastKnownFileType = sourcecode.swift; name = ConnectionLeftItem.swift; path = Views/ConnectionLeftItem.swift; sourceTree = "<group>"; };
		3A154E561DCD7389005A79EC /* ConnectionRightItem.swift */ = {isa = PBXFileReference; fileEncoding = 4; lastKnownFileType = sourcecode.swift; name = ConnectionRightItem.swift; path = Views/ConnectionRightItem.swift; sourceTree = "<group>"; };
		3A154E591DCD7389005A79EC /* NotificationCell.swift */ = {isa = PBXFileReference; fileEncoding = 4; lastKnownFileType = sourcecode.swift; name = NotificationCell.swift; path = Views/NotificationCell.swift; sourceTree = "<group>"; };
		3A154E5A1DCD7389005A79EC /* HueboardCell.swift */ = {isa = PBXFileReference; fileEncoding = 4; lastKnownFileType = sourcecode.swift; name = HueboardCell.swift; path = Views/HueboardCell.swift; sourceTree = "<group>"; };
		3A154E631DCD7430005A79EC /* HueboardsLayout.swift */ = {isa = PBXFileReference; fileEncoding = 4; lastKnownFileType = sourcecode.swift; name = HueboardsLayout.swift; path = Layouts/HueboardsLayout.swift; sourceTree = "<group>"; };
		3A154E651DCD7458005A79EC /* HueboardsViewModel.swift */ = {isa = PBXFileReference; fileEncoding = 4; lastKnownFileType = sourcecode.swift; name = HueboardsViewModel.swift; path = ViewModels/HueboardsViewModel.swift; sourceTree = "<group>"; };
		3A154E701DCD75FC005A79EC /* SWRevealViewController.m */ = {isa = PBXFileReference; fileEncoding = 4; lastKnownFileType = sourcecode.c.objc; name = SWRevealViewController.m; path = ThirdParties/SWRevealViewController/SWRevealViewController.m; sourceTree = "<group>"; };
		3A154E711DCD75FC005A79EC /* SWRevealViewController.h */ = {isa = PBXFileReference; fileEncoding = 4; lastKnownFileType = sourcecode.c.h; name = SWRevealViewController.h; path = ThirdParties/SWRevealViewController/SWRevealViewController.h; sourceTree = "<group>"; };
		3A154E731DCD763E005A79EC /* Hueman-Bridging-Header.h */ = {isa = PBXFileReference; fileEncoding = 4; lastKnownFileType = sourcecode.c.h; name = "Hueman-Bridging-Header.h"; path = "Hueman/Helpers/Hueman-Bridging-Header.h"; sourceTree = "<group>"; };
		3A154E751DCD7852005A79EC /* NetworkManager.swift */ = {isa = PBXFileReference; fileEncoding = 4; lastKnownFileType = sourcecode.swift; name = NetworkManager.swift; path = Networking/NetworkManager.swift; sourceTree = "<group>"; };
		3A16041E1E91B4BC00FF4DCB /* AddBioController.swift */ = {isa = PBXFileReference; fileEncoding = 4; lastKnownFileType = sourcecode.swift; name = AddBioController.swift; path = ViewControllers/AddBioController.swift; sourceTree = "<group>"; };
		3A1604201E91BF1F00FF4DCB /* InterstitialController.swift */ = {isa = PBXFileReference; fileEncoding = 4; lastKnownFileType = sourcecode.swift; name = InterstitialController.swift; path = ViewControllers/InterstitialController.swift; sourceTree = "<group>"; };
		3A1604221E91DF0700FF4DCB /* ControllersStackManager.swift */ = {isa = PBXFileReference; fileEncoding = 4; lastKnownFileType = sourcecode.swift; name = ControllersStackManager.swift; path = Managers/ControllersStackManager.swift; sourceTree = "<group>"; };
		3A1604241E91FAC000FF4DCB /* AddHuesController.swift */ = {isa = PBXFileReference; fileEncoding = 4; lastKnownFileType = sourcecode.swift; name = AddHuesController.swift; path = ViewControllers/AddHuesController.swift; sourceTree = "<group>"; };
		3A16DFE81E6222C8007AD51B /* CommentLike.swift */ = {isa = PBXFileReference; fileEncoding = 4; lastKnownFileType = sourcecode.swift; name = CommentLike.swift; path = Models/CommentLike.swift; sourceTree = "<group>"; };
		3A21B4231E03909300CDF8B5 /* AddConnectionsController.swift */ = {isa = PBXFileReference; fileEncoding = 4; lastKnownFileType = sourcecode.swift; name = AddConnectionsController.swift; path = ViewControllers/AddConnectionsController.swift; sourceTree = "<group>"; };
		3A22A3E91DA3A86C0011B467 /* Sofia Pro Light.otf */ = {isa = PBXFileReference; lastKnownFileType = file; name = "Sofia Pro Light.otf"; path = "Fonts/Sofia Pro Light.otf"; sourceTree = "<group>"; };
		3A22A3EA1DA3A86C0011B467 /* Sofia Pro Regular.otf */ = {isa = PBXFileReference; lastKnownFileType = file; name = "Sofia Pro Regular.otf"; path = "Fonts/Sofia Pro Regular.otf"; sourceTree = "<group>"; };
		3A22A3EF1DA3B6080011B467 /* Base */ = {isa = PBXFileReference; lastKnownFileType = file.storyboard; name = Base; path = Base.lproj/Main.storyboard; sourceTree = "<group>"; };
		3A2796311E5E3B1D00682BAD /* NetworkReachability.swift */ = {isa = PBXFileReference; fileEncoding = 4; lastKnownFileType = sourcecode.swift; name = NetworkReachability.swift; path = Hueman/Helpers/NetworkReachability.swift; sourceTree = "<group>"; };
		3A2DE1591E441DC5001C3170 /* Flag.swift */ = {isa = PBXFileReference; fileEncoding = 4; lastKnownFileType = sourcecode.swift; name = Flag.swift; path = Models/Flag.swift; sourceTree = "<group>"; };
		3A31D4B51E63DAD800A83272 /* PendingRequest.swift */ = {isa = PBXFileReference; fileEncoding = 4; lastKnownFileType = sourcecode.swift; name = PendingRequest.swift; path = Models/PendingRequest.swift; sourceTree = "<group>"; };
		3A3745331E8C97F200369479 /* SignupManager.swift */ = {isa = PBXFileReference; fileEncoding = 4; lastKnownFileType = sourcecode.swift; name = SignupManager.swift; path = Managers/SignupManager.swift; sourceTree = "<group>"; };
		3A39639D1E21DEE70021279A /* NSDate+Offset.swift */ = {isa = PBXFileReference; fileEncoding = 4; lastKnownFileType = sourcecode.swift; name = "NSDate+Offset.swift"; path = "Extensions/NSDate+Offset.swift"; sourceTree = "<group>"; };
		3A39639F1E222AA70021279A /* Notification.swift */ = {isa = PBXFileReference; fileEncoding = 4; lastKnownFileType = sourcecode.swift; name = Notification.swift; path = Models/Notification.swift; sourceTree = "<group>"; };
		3A3AF7091E8A087200ED793F /* AddBirthdayController.swift */ = {isa = PBXFileReference; fileEncoding = 4; lastKnownFileType = sourcecode.swift; name = AddBirthdayController.swift; path = ViewControllers/AddBirthdayController.swift; sourceTree = "<group>"; };
		3A3B2AC81DF8FA83004350A0 /* CreateProfileViewController.swift */ = {isa = PBXFileReference; fileEncoding = 4; lastKnownFileType = sourcecode.swift; name = CreateProfileViewController.swift; path = ViewControllers/CreateProfileViewController.swift; sourceTree = "<group>"; };
		3A45BAAE1DE926430062081E /* Constants.swift */ = {isa = PBXFileReference; fileEncoding = 4; lastKnownFileType = sourcecode.swift; name = Constants.swift; path = Utils/Constants.swift; sourceTree = "<group>"; };
		3A45BAB01DE926BB0062081E /* GoogleService-Info.plist */ = {isa = PBXFileReference; fileEncoding = 4; lastKnownFileType = text.plist.xml; path = "GoogleService-Info.plist"; sourceTree = "<group>"; };
		3A45BAB21DE927D60062081E /* Hueman.entitlements */ = {isa = PBXFileReference; lastKnownFileType = text.plist.entitlements; path = Hueman.entitlements; sourceTree = "<group>"; };
		3A48D7AF1E1C839600AB2FB6 /* SegueFromRight.swift */ = {isa = PBXFileReference; fileEncoding = 4; lastKnownFileType = sourcecode.swift; name = SegueFromRight.swift; path = Hueman/Helpers/SegueFromRight.swift; sourceTree = "<group>"; };
		3A48D7B11E1C83F800AB2FB6 /* UnwindSegueFromRight.swift */ = {isa = PBXFileReference; fileEncoding = 4; lastKnownFileType = sourcecode.swift; name = UnwindSegueFromRight.swift; path = Hueman/Helpers/UnwindSegueFromRight.swift; sourceTree = "<group>"; };
		3A667DCA1DFD305F0060CF2B /* CommentsViewController.swift */ = {isa = PBXFileReference; fileEncoding = 4; lastKnownFileType = sourcecode.swift; name = CommentsViewController.swift; path = ViewControllers/CommentsViewController.swift; sourceTree = "<group>"; };
		3A6C94711DAB12F6002A7EA3 /* CoreGraphics.framework */ = {isa = PBXFileReference; lastKnownFileType = wrapper.framework; name = CoreGraphics.framework; path = System/Library/Frameworks/CoreGraphics.framework; sourceTree = SDKROOT; };
		3A6C94731DAB139B002A7EA3 /* QuartzCore.framework */ = {isa = PBXFileReference; lastKnownFileType = wrapper.framework; name = QuartzCore.framework; path = System/Library/Frameworks/QuartzCore.framework; sourceTree = SDKROOT; };
		3A6C94771DAB1BFD002A7EA3 /* hulyo.jpg */ = {isa = PBXFileReference; lastKnownFileType = image.jpeg; name = hulyo.jpg; path = Images/hulyo.jpg; sourceTree = "<group>"; };
		3A6C94791DAB23F4002A7EA3 /* Sofia Pro Bold.otf */ = {isa = PBXFileReference; lastKnownFileType = file; name = "Sofia Pro Bold.otf"; path = "Fonts/Sofia Pro Bold.otf"; sourceTree = "<group>"; };
		3A6F750F1DEBCDA500B8D1D3 /* FeedTextTableViewCell.swift */ = {isa = PBXFileReference; fileEncoding = 4; lastKnownFileType = sourcecode.swift; name = FeedTextTableViewCell.swift; path = Views/FeedTextTableViewCell.swift; sourceTree = "<group>"; };
		3A76055D1E0DEB8100E682AD /* ConnectionsViewModel.swift */ = {isa = PBXFileReference; fileEncoding = 4; lastKnownFileType = sourcecode.swift; name = ConnectionsViewModel.swift; path = ViewModels/ConnectionsViewModel.swift; sourceTree = "<group>"; };
		3A76055F1E0DEF9100E682AD /* AuthenticationManager.swift */ = {isa = PBXFileReference; fileEncoding = 4; lastKnownFileType = sourcecode.swift; name = AuthenticationManager.swift; path = Managers/AuthenticationManager.swift; sourceTree = "<group>"; };
		3A7605611E0E013900E682AD /* Camera.swift */ = {isa = PBXFileReference; fileEncoding = 4; lastKnownFileType = sourcecode.swift; name = Camera.swift; path = Hueman/Helpers/Camera.swift; sourceTree = "<group>"; };
		3A7605631E0E080800E682AD /* UIImage+resizeWith.swift */ = {isa = PBXFileReference; fileEncoding = 4; lastKnownFileType = sourcecode.swift; name = "UIImage+resizeWith.swift"; path = "Extensions/UIImage+resizeWith.swift"; sourceTree = "<group>"; };
		3A7605651E0E3DA200E682AD /* HuesFeedViewModel.swift */ = {isa = PBXFileReference; fileEncoding = 4; lastKnownFileType = sourcecode.swift; name = HuesFeedViewModel.swift; path = ViewModels/HuesFeedViewModel.swift; sourceTree = "<group>"; };
		3A7E830C1E2C43BE00D76F9A /* FeedController.swift */ = {isa = PBXFileReference; fileEncoding = 4; lastKnownFileType = sourcecode.swift; name = FeedController.swift; path = ViewControllers/FeedController.swift; sourceTree = "<group>"; };
		3A7E830E1E2C4BF900D76F9A /* FeedViewModel.swift */ = {isa = PBXFileReference; fileEncoding = 4; lastKnownFileType = sourcecode.swift; name = FeedViewModel.swift; path = ViewModels/FeedViewModel.swift; sourceTree = "<group>"; };
		3A82E6671E118A38008F520A /* Comment.swift */ = {isa = PBXFileReference; fileEncoding = 4; lastKnownFileType = sourcecode.swift; name = Comment.swift; path = Models/Comment.swift; sourceTree = "<group>"; };
		3A82E6691E118D00008F520A /* CommentCell.swift */ = {isa = PBXFileReference; fileEncoding = 4; lastKnownFileType = sourcecode.swift; name = CommentCell.swift; path = Views/CommentCell.swift; sourceTree = "<group>"; };
		3A82E66B1E11977F008F520A /* CommentsViewModel.swift */ = {isa = PBXFileReference; fileEncoding = 4; lastKnownFileType = sourcecode.swift; name = CommentsViewModel.swift; path = ViewModels/CommentsViewModel.swift; sourceTree = "<group>"; };
		3A82E66D1E11BA8F008F520A /* Like.swift */ = {isa = PBXFileReference; fileEncoding = 4; lastKnownFileType = sourcecode.swift; name = Like.swift; path = Models/Like.swift; sourceTree = "<group>"; };
		3A8B07601DF7D48C0002D9EE /* FeedImageTableViewCell.swift */ = {isa = PBXFileReference; fileEncoding = 4; lastKnownFileType = sourcecode.swift; name = FeedImageTableViewCell.swift; path = Views/FeedImageTableViewCell.swift; sourceTree = "<group>"; };
		3A8BCFB01E078C19007AE84B /* RegistrationManager.swift */ = {isa = PBXFileReference; fileEncoding = 4; lastKnownFileType = sourcecode.swift; name = RegistrationManager.swift; path = Managers/RegistrationManager.swift; sourceTree = "<group>"; };
		3A8FC23C1E418605008E8142 /* AddHuesPageController.swift */ = {isa = PBXFileReference; fileEncoding = 4; lastKnownFileType = sourcecode.swift; name = AddHuesPageController.swift; path = ViewControllers/AddHuesPageController.swift; sourceTree = "<group>"; };
		3A96FD1E1E93336500766BEF /* UIView+ parentViewController.swift */ = {isa = PBXFileReference; fileEncoding = 4; lastKnownFileType = sourcecode.swift; name = "UIView+ parentViewController.swift"; path = "Extensions/UIView+ parentViewController.swift"; sourceTree = "<group>"; };
		3A982BB71DF9023D005DF901 /* CreateProfileViewController+Handlers.swift */ = {isa = PBXFileReference; fileEncoding = 4; lastKnownFileType = sourcecode.swift; name = "CreateProfileViewController+Handlers.swift"; path = "ViewControllers/CreateProfileViewController+Handlers.swift"; sourceTree = "<group>"; };
		3A987B141DED1BC600388DDF /* KeychainWrapper.h */ = {isa = PBXFileReference; fileEncoding = 4; lastKnownFileType = sourcecode.c.h; name = KeychainWrapper.h; path = ThirdParties/KeychainWrapper/KeychainWrapper.h; sourceTree = "<group>"; };
		3A987B151DED1BC600388DDF /* KeychainWrapper.m */ = {isa = PBXFileReference; fileEncoding = 4; lastKnownFileType = sourcecode.c.objc; name = KeychainWrapper.m; path = ThirdParties/KeychainWrapper/KeychainWrapper.m; sourceTree = "<group>"; };
		3A987B171DED1C6100388DDF /* User.swift */ = {isa = PBXFileReference; fileEncoding = 4; lastKnownFileType = sourcecode.swift; name = User.swift; path = Models/User.swift; sourceTree = "<group>"; };
		3A987B181DED1C6100388DDF /* Feed.swift */ = {isa = PBXFileReference; fileEncoding = 4; lastKnownFileType = sourcecode.swift; name = Feed.swift; path = Models/Feed.swift; sourceTree = "<group>"; };
		3A987B1B1DED1CDF00388DDF /* FirebaseManager.swift */ = {isa = PBXFileReference; fileEncoding = 4; lastKnownFileType = sourcecode.swift; name = FirebaseManager.swift; path = Networking/FirebaseManager.swift; sourceTree = "<group>"; };
		3A987B1D1DED1D2500388DDF /* FeedManager.swift */ = {isa = PBXFileReference; fileEncoding = 4; lastKnownFileType = sourcecode.swift; name = FeedManager.swift; path = Managers/FeedManager.swift; sourceTree = "<group>"; };
		3A98C7E41E22AA3A0009B793 /* NotificationsManager.swift */ = {isa = PBXFileReference; fileEncoding = 4; lastKnownFileType = sourcecode.swift; name = NotificationsManager.swift; path = Managers/NotificationsManager.swift; sourceTree = "<group>"; };
		3A98C7E61E22C2290009B793 /* NotificationsViewModel.swift */ = {isa = PBXFileReference; fileEncoding = 4; lastKnownFileType = sourcecode.swift; name = NotificationsViewModel.swift; path = ViewModels/NotificationsViewModel.swift; sourceTree = "<group>"; };
		3AA3B35D1E123437007D5E9E /* PopoverViewController.swift */ = {isa = PBXFileReference; fileEncoding = 4; lastKnownFileType = sourcecode.swift; name = PopoverViewController.swift; path = ViewControllers/PopoverViewController.swift; sourceTree = "<group>"; };
		3AA4DFB71E0CDB6F00BF75A1 /* AppSettings.swift */ = {isa = PBXFileReference; fileEncoding = 4; lastKnownFileType = sourcecode.swift; name = AppSettings.swift; path = Config/AppSettings.swift; sourceTree = "<group>"; };
		3AA4DFB91E0CDEAB00BF75A1 /* FilterController.swift */ = {isa = PBXFileReference; fileEncoding = 4; lastKnownFileType = sourcecode.swift; name = FilterController.swift; path = ViewControllers/FilterController.swift; sourceTree = "<group>"; };
		3AB06AD81E883A2D00A7AD1F /* RoundedCornersButton.swift */ = {isa = PBXFileReference; fileEncoding = 4; lastKnownFileType = sourcecode.swift; name = RoundedCornersButton.swift; path = Hueman/Helpers/RoundedCornersButton.swift; sourceTree = "<group>"; };
		3AB900C91DFE5D8E0038D147 /* TextField.swift */ = {isa = PBXFileReference; fileEncoding = 4; lastKnownFileType = sourcecode.swift; name = TextField.swift; path = Hueman/Helpers/TextField.swift; sourceTree = "<group>"; };
		3ABD761E1DBC9E6C00AD2538 /* AssetsLibrary.framework */ = {isa = PBXFileReference; lastKnownFileType = wrapper.framework; name = AssetsLibrary.framework; path = System/Library/Frameworks/AssetsLibrary.framework; sourceTree = SDKROOT; };
		3ABD76201DBC9E9900AD2538 /* Photos.framework */ = {isa = PBXFileReference; lastKnownFileType = wrapper.framework; name = Photos.framework; path = System/Library/Frameworks/Photos.framework; sourceTree = SDKROOT; };
		3ABDCBFB1E8855D8006B97AE /* LoginController.swift */ = {isa = PBXFileReference; fileEncoding = 4; lastKnownFileType = sourcecode.swift; name = LoginController.swift; path = ViewControllers/LoginController.swift; sourceTree = "<group>"; };
		3ABDCBFD1E8856F3006B97AE /* SignupController.swift */ = {isa = PBXFileReference; fileEncoding = 4; lastKnownFileType = sourcecode.swift; name = SignupController.swift; path = ViewControllers/SignupController.swift; sourceTree = "<group>"; };
		3ABDCBFF1E886232006B97AE /* AddNameController.swift */ = {isa = PBXFileReference; fileEncoding = 4; lastKnownFileType = sourcecode.swift; name = AddNameController.swift; path = ViewControllers/AddNameController.swift; sourceTree = "<group>"; };
		3ABDCC011E88629E006B97AE /* AddProfilePhotoController.swift */ = {isa = PBXFileReference; fileEncoding = 4; lastKnownFileType = sourcecode.swift; name = AddProfilePhotoController.swift; path = ViewControllers/AddProfilePhotoController.swift; sourceTree = "<group>"; };
		3ACF44371E17718B00CB97DF /* AddLocationController.swift */ = {isa = PBXFileReference; fileEncoding = 4; lastKnownFileType = sourcecode.swift; name = AddLocationController.swift; path = ViewControllers/AddLocationController.swift; sourceTree = "<group>"; };
		3ACF44391E17872300CB97DF /* AddHueController.swift */ = {isa = PBXFileReference; fileEncoding = 4; lastKnownFileType = sourcecode.swift; name = AddHueController.swift; path = ViewControllers/AddHueController.swift; sourceTree = "<group>"; };
		3ADE12341E171C2500BE3DE6 /* ProfileHue.swift */ = {isa = PBXFileReference; fileEncoding = 4; lastKnownFileType = sourcecode.swift; name = ProfileHue.swift; path = Views/ProfileHue.swift; sourceTree = "<group>"; };
		3ADE12361E171DF800BE3DE6 /* ProfileHueModel.swift */ = {isa = PBXFileReference; fileEncoding = 4; lastKnownFileType = sourcecode.swift; name = ProfileHueModel.swift; path = Models/ProfileHueModel.swift; sourceTree = "<group>"; };
		3ADF90141E3D9778008138A6 /* DrawerControllerController.swift */ = {isa = PBXFileReference; fileEncoding = 4; lastKnownFileType = sourcecode.swift; name = DrawerControllerController.swift; path = ViewControllers/DrawerControllerController.swift; sourceTree = "<group>"; };
		3AEB8B2C1DAB46670004A191 /* splash_screen.png */ = {isa = PBXFileReference; lastKnownFileType = image.png; name = splash_screen.png; path = Images/splash_screen.png; sourceTree = "<group>"; };
		3AEFA4681E198A18005C78D2 /* CircleHues.swift */ = {isa = PBXFileReference; fileEncoding = 4; lastKnownFileType = sourcecode.swift; name = CircleHues.swift; path = Views/CircleHues.swift; sourceTree = "<group>"; };
		3AEFA46A1E198C98005C78D2 /* ActivityIndicator.swift */ = {isa = PBXFileReference; fileEncoding = 4; lastKnownFileType = sourcecode.swift; name = ActivityIndicator.swift; path = Views/ActivityIndicator.swift; sourceTree = "<group>"; };
		3AEFA46C1E19B62B005C78D2 /* Hue.swift */ = {isa = PBXFileReference; fileEncoding = 4; lastKnownFileType = sourcecode.swift; name = Hue.swift; path = Models/Hue.swift; sourceTree = "<group>"; };
		3AEFA46E1E19D4D3005C78D2 /* String+CapitilizingFirstLetter.swift */ = {isa = PBXFileReference; fileEncoding = 4; lastKnownFileType = sourcecode.swift; name = "String+CapitilizingFirstLetter.swift"; path = "Extensions/String+CapitilizingFirstLetter.swift"; sourceTree = "<group>"; };
		3AEFA4721E19EB88005C78D2 /* ErrorController.swift */ = {isa = PBXFileReference; fileEncoding = 4; lastKnownFileType = sourcecode.swift; name = ErrorController.swift; path = ViewControllers/ErrorController.swift; sourceTree = "<group>"; };
		3AFB8EE81E468F7B0035B609 /* MessageUI.framework */ = {isa = PBXFileReference; lastKnownFileType = wrapper.framework; name = MessageUI.framework; path = System/Library/Frameworks/MessageUI.framework; sourceTree = SDKROOT; };
		3AFB8EEA1E468FF30035B609 /* Messages.framework */ = {isa = PBXFileReference; lastKnownFileType = wrapper.framework; name = Messages.framework; path = System/Library/Frameworks/Messages.framework; sourceTree = SDKROOT; };
		3C2A963D1EAC684900BC84DB /* OnboardingController.swift */ = {isa = PBXFileReference; fileEncoding = 4; lastKnownFileType = sourcecode.swift; name = OnboardingController.swift; path = ViewControllers/OnboardingController.swift; sourceTree = "<group>"; };
		3C2A96411EAC73DC00BC84DB /* OnboardingPageController.swift */ = {isa = PBXFileReference; fileEncoding = 4; lastKnownFileType = sourcecode.swift; name = OnboardingPageController.swift; path = ViewControllers/OnboardingPageController.swift; sourceTree = "<group>"; };
		3C2A96431EAC74B100BC84DB /* Onboarding.swift */ = {isa = PBXFileReference; fileEncoding = 4; lastKnownFileType = sourcecode.swift; name = Onboarding.swift; path = Models/Onboarding.swift; sourceTree = "<group>"; };
		3C7FB2A11E04533900FF3160 /* Connection.swift */ = {isa = PBXFileReference; fileEncoding = 4; lastKnownFileType = sourcecode.swift; name = Connection.swift; path = Models/Connection.swift; sourceTree = "<group>"; };
		3C908B7D1E04937F00DA0109 /* AddUserCell.swift */ = {isa = PBXFileReference; fileEncoding = 4; lastKnownFileType = sourcecode.swift; name = AddUserCell.swift; path = Views/AddUserCell.swift; sourceTree = "<group>"; };
		907D402A993B1CD31B707647 /* Pods-Hueman.release.xcconfig */ = {isa = PBXFileReference; includeInIndex = 1; lastKnownFileType = text.xcconfig; name = "Pods-Hueman.release.xcconfig"; path = "Pods/Target Support Files/Pods-Hueman/Pods-Hueman.release.xcconfig"; sourceTree = "<group>"; };
		DCDB8932AF19BBB6F0B39963 /* Pods_Hueman.framework */ = {isa = PBXFileReference; explicitFileType = wrapper.framework; includeInIndex = 0; path = Pods_Hueman.framework; sourceTree = BUILT_PRODUCTS_DIR; };
/* End PBXFileReference section */

/* Begin PBXFrameworksBuildPhase section */
		3A060D271D9CADE9007F2B02 /* Frameworks */ = {
			isa = PBXFrameworksBuildPhase;
			buildActionMask = 2147483647;
			files = (
				3AFB8EE91E468F7B0035B609 /* MessageUI.framework in Frameworks */,
				3A6C94741DAB139B002A7EA3 /* QuartzCore.framework in Frameworks */,
				3A6C94721DAB12F6002A7EA3 /* CoreGraphics.framework in Frameworks */,
				BD740C1BF57CB4BBD2D083F2 /* Pods_Hueman.framework in Frameworks */,
			);
			runOnlyForDeploymentPostprocessing = 0;
		};
/* End PBXFrameworksBuildPhase section */

/* Begin PBXGroup section */
		2291ECA32F5C65C00BA3BDD4 /* Pods */ = {
			isa = PBXGroup;
			children = (
				20C7B4D02A2CCFF1A0614B46 /* Pods-Hueman.debug.xcconfig */,
				907D402A993B1CD31B707647 /* Pods-Hueman.release.xcconfig */,
			);
			name = Pods;
			sourceTree = "<group>";
		};
		3A060D211D9CADE9007F2B02 = {
			isa = PBXGroup;
			children = (
				3A060D2C1D9CADE9007F2B02 /* Hueman */,
				3A060D2B1D9CADE9007F2B02 /* Products */,
				3A6C94701DAB12F6002A7EA3 /* Frameworks */,
				2291ECA32F5C65C00BA3BDD4 /* Pods */,
			);
			sourceTree = "<group>";
		};
		3A060D2B1D9CADE9007F2B02 /* Products */ = {
			isa = PBXGroup;
			children = (
				3A060D2A1D9CADE9007F2B02 /* Hueman.app */,
			);
			name = Products;
			sourceTree = "<group>";
		};
		3A060D2C1D9CADE9007F2B02 /* Hueman */ = {
			isa = PBXGroup;
			children = (
				3A060D2D1D9CADE9007F2B02 /* AppDelegate.swift */,
				3A8BCFAD1E078BD2007AE84B /* Managers */,
				3A45BAAD1DE926200062081E /* Utils */,
				3A20AB1F1DAD3D73008E54AD /* ThirdParties */,
				3A154E621DCD7428005A79EC /* Layouts */,
				3A154E531DCD7379005A79EC /* Views */,
				3A154E2C1DCD6FDF005A79EC /* Protocols */,
				3A154E2B1DCD6FD7005A79EC /* Networking */,
				3A22A3E41DA3A63D0011B467 /* Models */,
				3A154E2A1DCD6F9A005A79EC /* ViewControllers */,
				3A154E291DCD6F93005A79EC /* ViewModels */,
				3A17F06C1DAF125B006DC612 /* Helpers */,
				3A22A3E21DA3A62C0011B467 /* Extensions */,
				3A22A3E71DA3A8560011B467 /* Resources */,
				3A154E741DCD7809005A79EC /* Storyboards */,
			);
			path = Hueman;
			sourceTree = "<group>";
		};
		3A154E291DCD6F93005A79EC /* ViewModels */ = {
			isa = PBXGroup;
			children = (
				3A154E651DCD7458005A79EC /* HueboardsViewModel.swift */,
				3A76055D1E0DEB8100E682AD /* ConnectionsViewModel.swift */,
				3A7605651E0E3DA200E682AD /* HuesFeedViewModel.swift */,
				3A82E66B1E11977F008F520A /* CommentsViewModel.swift */,
				3A98C7E61E22C2290009B793 /* NotificationsViewModel.swift */,
				3A7E830E1E2C4BF900D76F9A /* FeedViewModel.swift */,
				3A14FEF31E5CE6EE00B6FDB0 /* CreateProfileViewModel.swift */,
			);
			name = ViewModels;
			sourceTree = "<group>";
		};
		3A154E2A1DCD6F9A005A79EC /* ViewControllers */ = {
			isa = PBXGroup;
			children = (
				3A154E3A1DCD7352005A79EC /* HueboardsViewController.swift */,
				3ABDCBFB1E8855D8006B97AE /* LoginController.swift */,
				3A154E3B1DCD7352005A79EC /* CreatePostViewController.swift */,
				3A154E3C1DCD7352005A79EC /* ProfileViewController.swift */,
				3A154E3D1DCD7352005A79EC /* ConnectionProfileViewController.swift */,
				3A154E3E1DCD7352005A79EC /* ConnectionsViewController.swift */,
				3A154E401DCD7352005A79EC /* TabBar.swift */,
				3A154E411DCD7352005A79EC /* NavBar.swift */,
				3A154E421DCD7352005A79EC /* NotificationsViewController.swift */,
				3A154E431DCD7352005A79EC /* HuesFeedViewController.swift */,
				3ABDCBFD1E8856F3006B97AE /* SignupController.swift */,
				3ABDCC011E88629E006B97AE /* AddProfilePhotoController.swift */,
				3ABDCBFF1E886232006B97AE /* AddNameController.swift */,
				3A16041E1E91B4BC00FF4DCB /* AddBioController.swift */,
				3A21B4231E03909300CDF8B5 /* AddConnectionsController.swift */,
				3A3B2AC81DF8FA83004350A0 /* CreateProfileViewController.swift */,
				3A982BB71DF9023D005DF901 /* CreateProfileViewController+Handlers.swift */,
				3A667DCA1DFD305F0060CF2B /* CommentsViewController.swift */,
				3AA4DFB91E0CDEAB00BF75A1 /* FilterController.swift */,
				3AA3B35D1E123437007D5E9E /* PopoverViewController.swift */,
				3A3AF7091E8A087200ED793F /* AddBirthdayController.swift */,
				3ACF44371E17718B00CB97DF /* AddLocationController.swift */,
				3ACF44391E17872300CB97DF /* AddHueController.swift */,
				3AEFA4721E19EB88005C78D2 /* ErrorController.swift */,
				3A7E830C1E2C43BE00D76F9A /* FeedController.swift */,
				3ADF90141E3D9778008138A6 /* DrawerControllerController.swift */,
				3A8FC23C1E418605008E8142 /* AddHuesPageController.swift */,
				3A12A11D1E889B69006FD410 /* WelcomeController.swift */,
				3A1604201E91BF1F00FF4DCB /* InterstitialController.swift */,
				3A1604241E91FAC000FF4DCB /* AddHuesController.swift */,
				3A0B4BB51E92B0F800A6F1BB /* FacebookInterstitialController.swift */,
				3C2A963D1EAC684900BC84DB /* OnboardingController.swift */,
				3C2A96411EAC73DC00BC84DB /* OnboardingPageController.swift */,
			);
			name = ViewControllers;
			sourceTree = "<group>";
		};
		3A154E2B1DCD6FD7005A79EC /* Networking */ = {
			isa = PBXGroup;
			children = (
				3A154E751DCD7852005A79EC /* NetworkManager.swift */,
				3A987B1B1DED1CDF00388DDF /* FirebaseManager.swift */,
			);
			name = Networking;
			sourceTree = "<group>";
		};
		3A154E2C1DCD6FDF005A79EC /* Protocols */ = {
			isa = PBXGroup;
			children = (
			);
			name = Protocols;
			sourceTree = "<group>";
		};
		3A154E531DCD7379005A79EC /* Views */ = {
			isa = PBXGroup;
			children = (
				3AEFA4681E198A18005C78D2 /* CircleHues.swift */,
				3A154E541DCD7389005A79EC /* ConnectionLabel.swift */,
				3A154E551DCD7389005A79EC /* ConnectionLeftItem.swift */,
				3A154E561DCD7389005A79EC /* ConnectionRightItem.swift */,
				3A154E591DCD7389005A79EC /* NotificationCell.swift */,
				3A154E5A1DCD7389005A79EC /* HueboardCell.swift */,
				3A6F750F1DEBCDA500B8D1D3 /* FeedTextTableViewCell.swift */,
				3A10BC591DF60A1F00B0CADC /* ConnectionCell.swift */,
				3A8B07601DF7D48C0002D9EE /* FeedImageTableViewCell.swift */,
				3C908B7D1E04937F00DA0109 /* AddUserCell.swift */,
				3A82E6691E118D00008F520A /* CommentCell.swift */,
				3ADE12341E171C2500BE3DE6 /* ProfileHue.swift */,
				3AEFA46A1E198C98005C78D2 /* ActivityIndicator.swift */,
			);
			name = Views;
			sourceTree = "<group>";
		};
		3A154E621DCD7428005A79EC /* Layouts */ = {
			isa = PBXGroup;
			children = (
				3A154E631DCD7430005A79EC /* HueboardsLayout.swift */,
			);
			name = Layouts;
			sourceTree = "<group>";
		};
		3A154E741DCD7809005A79EC /* Storyboards */ = {
			isa = PBXGroup;
			children = (
				3A22A3EE1DA3B6080011B467 /* Main.storyboard */,
				3A060D361D9CADE9007F2B02 /* LaunchScreen.storyboard */,
			);
			name = Storyboards;
			sourceTree = "<group>";
		};
		3A17F06C1DAF125B006DC612 /* Helpers */ = {
			isa = PBXGroup;
			children = (
				3A154E731DCD763E005A79EC /* Hueman-Bridging-Header.h */,
				3A154E351DCD7345005A79EC /* AutoLabel.swift */,
				3A154E2D1DCD71A1005A79EC /* RoundedCornersView.swift */,
				3AB900C91DFE5D8E0038D147 /* TextField.swift */,
				3A7605611E0E013900E682AD /* Camera.swift */,
				3A48D7AF1E1C839600AB2FB6 /* SegueFromRight.swift */,
				3A48D7B11E1C83F800AB2FB6 /* UnwindSegueFromRight.swift */,
				3A2796311E5E3B1D00682BAD /* NetworkReachability.swift */,
				3AB06AD81E883A2D00A7AD1F /* RoundedCornersButton.swift */,
			);
			name = Helpers;
			path = ..;
			sourceTree = "<group>";
		};
		3A20AB1F1DAD3D73008E54AD /* ThirdParties */ = {
			isa = PBXGroup;
			children = (
				3A987B101DED1B7500388DDF /* KeychainWrapper */,
				3A20AB201DAD3E51008E54AD /* SWRevealViewController */,
			);
			name = ThirdParties;
			sourceTree = "<group>";
		};
		3A20AB201DAD3E51008E54AD /* SWRevealViewController */ = {
			isa = PBXGroup;
			children = (
				3A154E701DCD75FC005A79EC /* SWRevealViewController.m */,
				3A154E711DCD75FC005A79EC /* SWRevealViewController.h */,
			);
			name = SWRevealViewController;
			sourceTree = "<group>";
		};
		3A22A3E21DA3A62C0011B467 /* Extensions */ = {
			isa = PBXGroup;
			children = (
				3A154E331DCD72AA005A79EC /* UIColor+UIColorFromRGB.swift */,
				3A7605631E0E080800E682AD /* UIImage+resizeWith.swift */,
				3AEFA46E1E19D4D3005C78D2 /* String+CapitilizingFirstLetter.swift */,
				3A39639D1E21DEE70021279A /* NSDate+Offset.swift */,
				3A96FD1E1E93336500766BEF /* UIView+ parentViewController.swift */,
			);
			name = Extensions;
			sourceTree = "<group>";
		};
		3A22A3E41DA3A63D0011B467 /* Models */ = {
			isa = PBXGroup;
			children = (
				3A987B171DED1C6100388DDF /* User.swift */,
				3A987B181DED1C6100388DDF /* Feed.swift */,
				3A154E201DCD6EA6005A79EC /* Theme.swift */,
				3A154E211DCD6EA6005A79EC /* Hues.swift */,
				3A154E231DCD6EA6005A79EC /* Hueboard.swift */,
				3C7FB2A11E04533900FF3160 /* Connection.swift */,
				3A0AB1901E086E1300295AA5 /* Request.swift */,
				3A0AB1921E086ECB00295AA5 /* Friendship.swift */,
				3A82E6671E118A38008F520A /* Comment.swift */,
				3A82E66D1E11BA8F008F520A /* Like.swift */,
				3ADE12361E171DF800BE3DE6 /* ProfileHueModel.swift */,
				3AEFA46C1E19B62B005C78D2 /* Hue.swift */,
				3A39639F1E222AA70021279A /* Notification.swift */,
				3A2DE1591E441DC5001C3170 /* Flag.swift */,
				3A16DFE81E6222C8007AD51B /* CommentLike.swift */,
				3A31D4B51E63DAD800A83272 /* PendingRequest.swift */,
				3C2A96431EAC74B100BC84DB /* Onboarding.swift */,
			);
			name = Models;
			sourceTree = "<group>";
		};
		3A22A3E71DA3A8560011B467 /* Resources */ = {
			isa = PBXGroup;
			children = (
				3A45BAB21DE927D60062081E /* Hueman.entitlements */,
				3A45BAB01DE926BB0062081E /* GoogleService-Info.plist */,
				3A060D391D9CADE9007F2B02 /* Info.plist */,
				3AEB8B2C1DAB46670004A191 /* splash_screen.png */,
				3A6C94771DAB1BFD002A7EA3 /* hulyo.jpg */,
				3A060D341D9CADE9007F2B02 /* Assets.xcassets */,
				3A22A3E81DA3A85F0011B467 /* Fonts */,
			);
			name = Resources;
			sourceTree = "<group>";
		};
		3A22A3E81DA3A85F0011B467 /* Fonts */ = {
			isa = PBXGroup;
			children = (
				3A0317BD1DB9DD5800DA0A15 /* Sofia Pro Light Italic.otf */,
				3A6C94791DAB23F4002A7EA3 /* Sofia Pro Bold.otf */,
				3A22A3E91DA3A86C0011B467 /* Sofia Pro Light.otf */,
				3A22A3EA1DA3A86C0011B467 /* Sofia Pro Regular.otf */,
			);
			name = Fonts;
			sourceTree = "<group>";
		};
		3A45BAAD1DE926200062081E /* Utils */ = {
			isa = PBXGroup;
			children = (
				3A45BAAE1DE926430062081E /* Constants.swift */,
			);
			name = Utils;
			sourceTree = "<group>";
		};
		3A6C94701DAB12F6002A7EA3 /* Frameworks */ = {
			isa = PBXGroup;
			children = (
				3AFB8EEA1E468FF30035B609 /* Messages.framework */,
				3AFB8EE81E468F7B0035B609 /* MessageUI.framework */,
				3ABD76201DBC9E9900AD2538 /* Photos.framework */,
				3ABD761E1DBC9E6C00AD2538 /* AssetsLibrary.framework */,
				3A6C94731DAB139B002A7EA3 /* QuartzCore.framework */,
				3A6C94711DAB12F6002A7EA3 /* CoreGraphics.framework */,
				DCDB8932AF19BBB6F0B39963 /* Pods_Hueman.framework */,
			);
			name = Frameworks;
			sourceTree = "<group>";
		};
		3A8BCFAD1E078BD2007AE84B /* Managers */ = {
			isa = PBXGroup;
			children = (
				3A987B1D1DED1D2500388DDF /* FeedManager.swift */,
				3A8BCFB01E078C19007AE84B /* RegistrationManager.swift */,
				3AA4DFB71E0CDB6F00BF75A1 /* AppSettings.swift */,
				3A76055F1E0DEF9100E682AD /* AuthenticationManager.swift */,
				3A98C7E41E22AA3A0009B793 /* NotificationsManager.swift */,
				3A3745331E8C97F200369479 /* SignupManager.swift */,
				3A1604221E91DF0700FF4DCB /* ControllersStackManager.swift */,
			);
			name = Managers;
			sourceTree = "<group>";
		};
		3A987B101DED1B7500388DDF /* KeychainWrapper */ = {
			isa = PBXGroup;
			children = (
				3A987B141DED1BC600388DDF /* KeychainWrapper.h */,
				3A987B151DED1BC600388DDF /* KeychainWrapper.m */,
			);
			name = KeychainWrapper;
			sourceTree = "<group>";
		};
/* End PBXGroup section */

/* Begin PBXNativeTarget section */
		3A060D291D9CADE9007F2B02 /* Hueman */ = {
			isa = PBXNativeTarget;
			buildConfigurationList = 3A060D3C1D9CADE9007F2B02 /* Build configuration list for PBXNativeTarget "Hueman" */;
			buildPhases = (
				3E0930FEE3FDC2A4C895B7C5 /* [CP] Check Pods Manifest.lock */,
				3A060D261D9CADE9007F2B02 /* Sources */,
				3A060D271D9CADE9007F2B02 /* Frameworks */,
				3A060D281D9CADE9007F2B02 /* Resources */,
				26882498B520B12CC853A412 /* [CP] Embed Pods Frameworks */,
				25E8DD062E7128AE8DB20429 /* [CP] Copy Pods Resources */,
			);
			buildRules = (
			);
			dependencies = (
			);
			name = Hueman;
			productName = Hueman;
			productReference = 3A060D2A1D9CADE9007F2B02 /* Hueman.app */;
			productType = "com.apple.product-type.application";
		};
/* End PBXNativeTarget section */

/* Begin PBXProject section */
		3A060D221D9CADE9007F2B02 /* Project object */ = {
			isa = PBXProject;
			attributes = {
				LastSwiftUpdateCheck = 0800;
				LastUpgradeCheck = 0820;
				ORGANIZATIONNAME = "Efthemios Prime";
				TargetAttributes = {
					3A060D291D9CADE9007F2B02 = {
						CreatedOnToolsVersion = 8.0;
						DevelopmentTeam = 2F2MGP4R3K;
						LastSwiftMigration = 0800;
						ProvisioningStyle = Automatic;
						SystemCapabilities = {
							com.apple.Keychain = {
								enabled = 1;
							};
						};
					};
				};
			};
			buildConfigurationList = 3A060D251D9CADE9007F2B02 /* Build configuration list for PBXProject "Hueman" */;
			compatibilityVersion = "Xcode 3.2";
			developmentRegion = English;
			hasScannedForEncodings = 0;
			knownRegions = (
				en,
				Base,
			);
			mainGroup = 3A060D211D9CADE9007F2B02;
			productRefGroup = 3A060D2B1D9CADE9007F2B02 /* Products */;
			projectDirPath = "";
			projectRoot = "";
			targets = (
				3A060D291D9CADE9007F2B02 /* Hueman */,
			);
		};
/* End PBXProject section */

/* Begin PBXResourcesBuildPhase section */
		3A060D281D9CADE9007F2B02 /* Resources */ = {
			isa = PBXResourcesBuildPhase;
			buildActionMask = 2147483647;
			files = (
				3A060D381D9CADE9007F2B02 /* LaunchScreen.storyboard in Resources */,
				3A6C94781DAB1BFD002A7EA3 /* hulyo.jpg in Resources */,
				3A6C947A1DAB23F4002A7EA3 /* Sofia Pro Bold.otf in Resources */,
				3A083B9F1DA4357C0092AE75 /* Main.storyboard in Resources */,
				3A22A3EB1DA3A86C0011B467 /* Sofia Pro Light.otf in Resources */,
				3A060D351D9CADE9007F2B02 /* Assets.xcassets in Resources */,
				3AEB8B2D1DAB46670004A191 /* splash_screen.png in Resources */,
				3A45BAB11DE926BB0062081E /* GoogleService-Info.plist in Resources */,
				3A22A3EC1DA3A86C0011B467 /* Sofia Pro Regular.otf in Resources */,
				3A0317BE1DB9DD5800DA0A15 /* Sofia Pro Light Italic.otf in Resources */,
			);
			runOnlyForDeploymentPostprocessing = 0;
		};
/* End PBXResourcesBuildPhase section */

/* Begin PBXShellScriptBuildPhase section */
		25E8DD062E7128AE8DB20429 /* [CP] Copy Pods Resources */ = {
			isa = PBXShellScriptBuildPhase;
			buildActionMask = 2147483647;
			files = (
			);
			inputPaths = (
			);
			name = "[CP] Copy Pods Resources";
			outputPaths = (
			);
			runOnlyForDeploymentPostprocessing = 0;
			shellPath = /bin/sh;
			shellScript = "\"${SRCROOT}/Pods/Target Support Files/Pods-Hueman/Pods-Hueman-resources.sh\"\n";
			showEnvVarsInLog = 0;
		};
		26882498B520B12CC853A412 /* [CP] Embed Pods Frameworks */ = {
			isa = PBXShellScriptBuildPhase;
			buildActionMask = 2147483647;
			files = (
			);
			inputPaths = (
			);
			name = "[CP] Embed Pods Frameworks";
			outputPaths = (
			);
			runOnlyForDeploymentPostprocessing = 0;
			shellPath = /bin/sh;
			shellScript = "\"${SRCROOT}/Pods/Target Support Files/Pods-Hueman/Pods-Hueman-frameworks.sh\"\n";
			showEnvVarsInLog = 0;
		};
		3E0930FEE3FDC2A4C895B7C5 /* [CP] Check Pods Manifest.lock */ = {
			isa = PBXShellScriptBuildPhase;
			buildActionMask = 2147483647;
			files = (
			);
			inputPaths = (
			);
			name = "[CP] Check Pods Manifest.lock";
			outputPaths = (
			);
			runOnlyForDeploymentPostprocessing = 0;
			shellPath = /bin/sh;
			shellScript = "diff \"${PODS_PODFILE_DIR_PATH}/Podfile.lock\" \"${PODS_ROOT}/Manifest.lock\" > /dev/null\nif [ $? != 0 ] ; then\n    # print error to STDERR\n    echo \"error: The sandbox is not in sync with the Podfile.lock. Run 'pod install' or update your CocoaPods installation.\" >&2\n    exit 1\nfi\n";
			showEnvVarsInLog = 0;
		};
/* End PBXShellScriptBuildPhase section */

/* Begin PBXSourcesBuildPhase section */
		3A060D261D9CADE9007F2B02 /* Sources */ = {
			isa = PBXSourcesBuildPhase;
			buildActionMask = 2147483647;
			files = (
				3A987B1A1DED1C6100388DDF /* Feed.swift in Sources */,
				3A2796321E5E3B1D00682BAD /* NetworkReachability.swift in Sources */,
				3A154E5B1DCD7389005A79EC /* ConnectionLabel.swift in Sources */,
				3AB900CA1DFE5D8E0038D147 /* TextField.swift in Sources */,
				3ADF90151E3D9778008138A6 /* DrawerControllerController.swift in Sources */,
				3ABDCBFE1E8856F3006B97AE /* SignupController.swift in Sources */,
				3A6F75101DEBCDA500B8D1D3 /* FeedTextTableViewCell.swift in Sources */,
				3ADE12371E171DF800BE3DE6 /* ProfileHueModel.swift in Sources */,
				3A82E66E1E11BA8F008F520A /* Like.swift in Sources */,
				3A76055E1E0DEB8100E682AD /* ConnectionsViewModel.swift in Sources */,
				3A7E830D1E2C43BE00D76F9A /* FeedController.swift in Sources */,
				3A154E5C1DCD7389005A79EC /* ConnectionLeftItem.swift in Sources */,
				3ACF443A1E17872300CB97DF /* AddHueController.swift in Sources */,
				3A154E481DCD7352005A79EC /* HueboardsViewController.swift in Sources */,
				3A16041F1E91B4BC00FF4DCB /* AddBioController.swift in Sources */,
				3A154E4B1DCD7352005A79EC /* ConnectionProfileViewController.swift in Sources */,
				3A154E641DCD7430005A79EC /* HueboardsLayout.swift in Sources */,
				3A3B2AC91DF8FA83004350A0 /* CreateProfileViewController.swift in Sources */,
				3AEFA4731E19EB88005C78D2 /* ErrorController.swift in Sources */,
				3A060D2E1D9CADE9007F2B02 /* AppDelegate.swift in Sources */,
				3A154E4F1DCD7352005A79EC /* NavBar.swift in Sources */,
				3A154E601DCD7389005A79EC /* NotificationCell.swift in Sources */,
				3A154E611DCD7389005A79EC /* HueboardCell.swift in Sources */,
				3AB06AD91E883A2D00A7AD1F /* RoundedCornersButton.swift in Sources */,
				3AA3B35E1E123437007D5E9E /* PopoverViewController.swift in Sources */,
				3A154E251DCD6EA6005A79EC /* Hues.swift in Sources */,
				3A154E4C1DCD7352005A79EC /* ConnectionsViewController.swift in Sources */,
				3A82E6681E118A38008F520A /* Comment.swift in Sources */,
				3A96FD1F1E93336500766BEF /* UIView+ parentViewController.swift in Sources */,
				3C2A96421EAC73DC00BC84DB /* OnboardingPageController.swift in Sources */,
				3A154E361DCD7345005A79EC /* AutoLabel.swift in Sources */,
				3A982BB81DF9023D005DF901 /* CreateProfileViewController+Handlers.swift in Sources */,
				3A154E761DCD7852005A79EC /* NetworkManager.swift in Sources */,
				3A82E66C1E11977F008F520A /* CommentsViewModel.swift in Sources */,
				3AA4DFBA1E0CDEAB00BF75A1 /* FilterController.swift in Sources */,
				3A0B4BB61E92B0F800A6F1BB /* FacebookInterstitialController.swift in Sources */,
				3C7FB2A21E04533900FF3160 /* Connection.swift in Sources */,
				3A154E241DCD6EA6005A79EC /* Theme.swift in Sources */,
				3A987B161DED1BC600388DDF /* KeychainWrapper.m in Sources */,
				3A7605641E0E080800E682AD /* UIImage+resizeWith.swift in Sources */,
				3ACF44381E17718B00CB97DF /* AddLocationController.swift in Sources */,
				3A987B1E1DED1D2500388DDF /* FeedManager.swift in Sources */,
				3A3745341E8C97F200369479 /* SignupManager.swift in Sources */,
				3A8BCFB11E078C19007AE84B /* RegistrationManager.swift in Sources */,
				3A31D4B61E63DAD800A83272 /* PendingRequest.swift in Sources */,
				3A8B07611DF7D48C0002D9EE /* FeedImageTableViewCell.swift in Sources */,
				3A14FEF41E5CE6EE00B6FDB0 /* CreateProfileViewModel.swift in Sources */,
				3A154E511DCD7352005A79EC /* HuesFeedViewController.swift in Sources */,
				3A154E5D1DCD7389005A79EC /* ConnectionRightItem.swift in Sources */,
				3C2A963E1EAC684900BC84DB /* OnboardingController.swift in Sources */,
				3A154E271DCD6EA6005A79EC /* Hueboard.swift in Sources */,
				3A16DFE91E6222C8007AD51B /* CommentLike.swift in Sources */,
				3A82E66A1E118D00008F520A /* CommentCell.swift in Sources */,
				3A154E501DCD7352005A79EC /* NotificationsViewController.swift in Sources */,
				3ABDCC001E886232006B97AE /* AddNameController.swift in Sources */,
				3A987B191DED1C6100388DDF /* User.swift in Sources */,
				3A1604251E91FAC000FF4DCB /* AddHuesController.swift in Sources */,
				3A2DE15A1E441DC5001C3170 /* Flag.swift in Sources */,
				3A45BAAF1DE926430062081E /* Constants.swift in Sources */,
				3AEFA46B1E198C98005C78D2 /* ActivityIndicator.swift in Sources */,
				3A0AB1911E086E1300295AA5 /* Request.swift in Sources */,
				3A8FC23D1E418605008E8142 /* AddHuesPageController.swift in Sources */,
				3A21B4241E03909300CDF8B5 /* AddConnectionsController.swift in Sources */,
				3A154E2E1DCD71A1005A79EC /* RoundedCornersView.swift in Sources */,
				3A3963A01E222AA70021279A /* Notification.swift in Sources */,
				3A48D7B21E1C83F800AB2FB6 /* UnwindSegueFromRight.swift in Sources */,
				3A3AF70A1E8A087200ED793F /* AddBirthdayController.swift in Sources */,
				3AEFA46D1E19B62B005C78D2 /* Hue.swift in Sources */,
				3C2A96441EAC74B100BC84DB /* Onboarding.swift in Sources */,
				3A98C7E71E22C2290009B793 /* NotificationsViewModel.swift in Sources */,
				3A154E4E1DCD7352005A79EC /* TabBar.swift in Sources */,
				3A48D7B01E1C839600AB2FB6 /* SegueFromRight.swift in Sources */,
				3A7605661E0E3DA200E682AD /* HuesFeedViewModel.swift in Sources */,
				3A7605601E0DEF9100E682AD /* AuthenticationManager.swift in Sources */,
				3C908B7E1E04937F00DA0109 /* AddUserCell.swift in Sources */,
				3A0AB1931E086ECB00295AA5 /* Friendship.swift in Sources */,
				3ABDCC021E88629E006B97AE /* AddProfilePhotoController.swift in Sources */,
				3A98C7E51E22AA3A0009B793 /* NotificationsManager.swift in Sources */,
				3A987B1C1DED1CDF00388DDF /* FirebaseManager.swift in Sources */,
				3A39639E1E21DEE70021279A /* NSDate+Offset.swift in Sources */,
				3AEFA4691E198A18005C78D2 /* CircleHues.swift in Sources */,
				3A10BC5A1DF60A1F00B0CADC /* ConnectionCell.swift in Sources */,
				3A7605621E0E013900E682AD /* Camera.swift in Sources */,
				3A12A11E1E889B69006FD410 /* WelcomeController.swift in Sources */,
				3A7E830F1E2C4BF900D76F9A /* FeedViewModel.swift in Sources */,
				3ADE12351E171C2500BE3DE6 /* ProfileHue.swift in Sources */,
				3A154E721DCD75FC005A79EC /* SWRevealViewController.m in Sources */,
				3A154E661DCD7458005A79EC /* HueboardsViewModel.swift in Sources */,
				3A667DCB1DFD305F0060CF2B /* CommentsViewController.swift in Sources */,
				3ABDCBFC1E8855D8006B97AE /* LoginController.swift in Sources */,
				3AA4DFB81E0CDB6F00BF75A1 /* AppSettings.swift in Sources */,
				3AEFA46F1E19D4D3005C78D2 /* String+CapitilizingFirstLetter.swift in Sources */,
				3A154E341DCD72AA005A79EC /* UIColor+UIColorFromRGB.swift in Sources */,
				3A154E4A1DCD7352005A79EC /* ProfileViewController.swift in Sources */,
				3A154E491DCD7352005A79EC /* CreatePostViewController.swift in Sources */,
				3A1604211E91BF1F00FF4DCB /* InterstitialController.swift in Sources */,
				3A1604231E91DF0700FF4DCB /* ControllersStackManager.swift in Sources */,
			);
			runOnlyForDeploymentPostprocessing = 0;
		};
/* End PBXSourcesBuildPhase section */

/* Begin PBXVariantGroup section */
		3A060D361D9CADE9007F2B02 /* LaunchScreen.storyboard */ = {
			isa = PBXVariantGroup;
			children = (
				3A060D371D9CADE9007F2B02 /* Base */,
			);
			name = LaunchScreen.storyboard;
			sourceTree = "<group>";
		};
		3A22A3EE1DA3B6080011B467 /* Main.storyboard */ = {
			isa = PBXVariantGroup;
			children = (
				3A22A3EF1DA3B6080011B467 /* Base */,
			);
			name = Main.storyboard;
			sourceTree = "<group>";
		};
/* End PBXVariantGroup section */

/* Begin XCBuildConfiguration section */
		3A060D3A1D9CADE9007F2B02 /* Debug */ = {
			isa = XCBuildConfiguration;
			buildSettings = {
				ALWAYS_SEARCH_USER_PATHS = NO;
				CLANG_ANALYZER_NONNULL = YES;
				CLANG_CXX_LANGUAGE_STANDARD = "gnu++0x";
				CLANG_CXX_LIBRARY = "libc++";
				CLANG_ENABLE_MODULES = YES;
				CLANG_ENABLE_OBJC_ARC = YES;
				CLANG_WARN_BOOL_CONVERSION = YES;
				CLANG_WARN_CONSTANT_CONVERSION = YES;
				CLANG_WARN_DIRECT_OBJC_ISA_USAGE = YES_ERROR;
				CLANG_WARN_DOCUMENTATION_COMMENTS = YES;
				CLANG_WARN_EMPTY_BODY = YES;
				CLANG_WARN_ENUM_CONVERSION = YES;
				CLANG_WARN_INFINITE_RECURSION = YES;
				CLANG_WARN_INT_CONVERSION = YES;
				CLANG_WARN_OBJC_ROOT_CLASS = YES_ERROR;
				CLANG_WARN_SUSPICIOUS_MOVE = YES;
				CLANG_WARN_SUSPICIOUS_MOVES = YES;
				CLANG_WARN_UNREACHABLE_CODE = YES;
				CLANG_WARN__DUPLICATE_METHOD_MATCH = YES;
				"CODE_SIGN_IDENTITY[sdk=iphoneos*]" = "iPhone Developer";
				COPY_PHASE_STRIP = NO;
				DEBUG_INFORMATION_FORMAT = dwarf;
				DEVELOPMENT_TEAM = 2F2MGP4R3K;
				ENABLE_STRICT_OBJC_MSGSEND = YES;
				ENABLE_TESTABILITY = YES;
				GCC_C_LANGUAGE_STANDARD = gnu99;
				GCC_DYNAMIC_NO_PIC = NO;
				GCC_NO_COMMON_BLOCKS = YES;
				GCC_OPTIMIZATION_LEVEL = 0;
				GCC_PREPROCESSOR_DEFINITIONS = (
					"DEBUG=1",
					"$(inherited)",
				);
				GCC_WARN_64_TO_32_BIT_CONVERSION = YES;
				GCC_WARN_ABOUT_RETURN_TYPE = YES_ERROR;
				GCC_WARN_UNDECLARED_SELECTOR = YES;
				GCC_WARN_UNINITIALIZED_AUTOS = YES_AGGRESSIVE;
				GCC_WARN_UNUSED_FUNCTION = YES;
				GCC_WARN_UNUSED_VARIABLE = YES;
				IPHONEOS_DEPLOYMENT_TARGET = 10.0;
				MTL_ENABLE_DEBUG_INFO = YES;
				ONLY_ACTIVE_ARCH = YES;
				PROVISIONING_PROFILE = "";
				SDKROOT = iphoneos;
				SWIFT_ACTIVE_COMPILATION_CONDITIONS = DEBUG;
				SWIFT_OPTIMIZATION_LEVEL = "-Onone";
				SWIFT_VERSION = 2.3;
			};
			name = Debug;
		};
		3A060D3B1D9CADE9007F2B02 /* Release */ = {
			isa = XCBuildConfiguration;
			buildSettings = {
				ALWAYS_SEARCH_USER_PATHS = NO;
				CLANG_ANALYZER_NONNULL = YES;
				CLANG_CXX_LANGUAGE_STANDARD = "gnu++0x";
				CLANG_CXX_LIBRARY = "libc++";
				CLANG_ENABLE_MODULES = YES;
				CLANG_ENABLE_OBJC_ARC = YES;
				CLANG_WARN_BOOL_CONVERSION = YES;
				CLANG_WARN_CONSTANT_CONVERSION = YES;
				CLANG_WARN_DIRECT_OBJC_ISA_USAGE = YES_ERROR;
				CLANG_WARN_DOCUMENTATION_COMMENTS = YES;
				CLANG_WARN_EMPTY_BODY = YES;
				CLANG_WARN_ENUM_CONVERSION = YES;
				CLANG_WARN_INFINITE_RECURSION = YES;
				CLANG_WARN_INT_CONVERSION = YES;
				CLANG_WARN_OBJC_ROOT_CLASS = YES_ERROR;
				CLANG_WARN_SUSPICIOUS_MOVE = YES;
				CLANG_WARN_SUSPICIOUS_MOVES = YES;
				CLANG_WARN_UNREACHABLE_CODE = YES;
				CLANG_WARN__DUPLICATE_METHOD_MATCH = YES;
				"CODE_SIGN_IDENTITY[sdk=iphoneos*]" = "iPhone Developer";
				COPY_PHASE_STRIP = NO;
				DEBUG_INFORMATION_FORMAT = "dwarf-with-dsym";
				DEVELOPMENT_TEAM = 2F2MGP4R3K;
				ENABLE_NS_ASSERTIONS = NO;
				ENABLE_STRICT_OBJC_MSGSEND = YES;
				GCC_C_LANGUAGE_STANDARD = gnu99;
				GCC_NO_COMMON_BLOCKS = YES;
				GCC_WARN_64_TO_32_BIT_CONVERSION = YES;
				GCC_WARN_ABOUT_RETURN_TYPE = YES_ERROR;
				GCC_WARN_UNDECLARED_SELECTOR = YES;
				GCC_WARN_UNINITIALIZED_AUTOS = YES_AGGRESSIVE;
				GCC_WARN_UNUSED_FUNCTION = YES;
				GCC_WARN_UNUSED_VARIABLE = YES;
				IPHONEOS_DEPLOYMENT_TARGET = 10.0;
				MTL_ENABLE_DEBUG_INFO = NO;
				PROVISIONING_PROFILE = "";
				SDKROOT = iphoneos;
				SWIFT_OPTIMIZATION_LEVEL = "-Owholemodule";
				SWIFT_VERSION = 2.3;
				VALIDATE_PRODUCT = YES;
			};
			name = Release;
		};
		3A060D3D1D9CADE9007F2B02 /* Debug */ = {
			isa = XCBuildConfiguration;
			baseConfigurationReference = 20C7B4D02A2CCFF1A0614B46 /* Pods-Hueman.debug.xcconfig */;
			buildSettings = {
				ALWAYS_EMBED_SWIFT_STANDARD_LIBRARIES = YES;
				ASSETCATALOG_COMPILER_APPICON_NAME = AppIcon;
				CLANG_ENABLE_MODULES = YES;
				CODE_SIGN_ENTITLEMENTS = Hueman/Hueman.entitlements;
				"CODE_SIGN_IDENTITY[sdk=iphoneos*]" = "iPhone Developer";
				DEVELOPMENT_TEAM = 2F2MGP4R3K;
				INFOPLIST_FILE = Hueman/Info.plist;
				IPHONEOS_DEPLOYMENT_TARGET = 9.3;
				LD_RUNPATH_SEARCH_PATHS = "$(inherited) @executable_path/Frameworks";
				PRODUCT_BUNDLE_IDENTIFIER = io.efthemiosprime.Hueman;
				PRODUCT_NAME = "$(TARGET_NAME)";
				PROVISIONING_PROFILE = "";
				RUN_CLANG_STATIC_ANALYZER = YES;
				SWIFT_OBJC_BRIDGING_HEADER = "Hueman/Helpers/Hueman-Bridging-Header.h";
				SWIFT_OPTIMIZATION_LEVEL = "-Onone";
				SWIFT_VERSION = 2.3;
			};
			name = Debug;
		};
		3A060D3E1D9CADE9007F2B02 /* Release */ = {
			isa = XCBuildConfiguration;
			baseConfigurationReference = 907D402A993B1CD31B707647 /* Pods-Hueman.release.xcconfig */;
			buildSettings = {
				ALWAYS_EMBED_SWIFT_STANDARD_LIBRARIES = YES;
				ASSETCATALOG_COMPILER_APPICON_NAME = AppIcon;
				CLANG_ENABLE_MODULES = YES;
				CODE_SIGN_ENTITLEMENTS = Hueman/Hueman.entitlements;
				"CODE_SIGN_IDENTITY[sdk=iphoneos*]" = "iPhone Developer";
				DEVELOPMENT_TEAM = 2F2MGP4R3K;
				INFOPLIST_FILE = Hueman/Info.plist;
				IPHONEOS_DEPLOYMENT_TARGET = 9.3;
				LD_RUNPATH_SEARCH_PATHS = "$(inherited) @executable_path/Frameworks";
				PRODUCT_BUNDLE_IDENTIFIER = io.efthemiosprime.Hueman;
				PRODUCT_NAME = "$(TARGET_NAME)";
				PROVISIONING_PROFILE = "";
				RUN_CLANG_STATIC_ANALYZER = YES;
				SWIFT_OBJC_BRIDGING_HEADER = "Hueman/Helpers/Hueman-Bridging-Header.h";
				SWIFT_VERSION = 2.3;
			};
			name = Release;
		};
/* End XCBuildConfiguration section */

/* Begin XCConfigurationList section */
		3A060D251D9CADE9007F2B02 /* Build configuration list for PBXProject "Hueman" */ = {
			isa = XCConfigurationList;
			buildConfigurations = (
				3A060D3A1D9CADE9007F2B02 /* Debug */,
				3A060D3B1D9CADE9007F2B02 /* Release */,
			);
			defaultConfigurationIsVisible = 0;
			defaultConfigurationName = Release;
		};
		3A060D3C1D9CADE9007F2B02 /* Build configuration list for PBXNativeTarget "Hueman" */ = {
			isa = XCConfigurationList;
			buildConfigurations = (
				3A060D3D1D9CADE9007F2B02 /* Debug */,
				3A060D3E1D9CADE9007F2B02 /* Release */,
			);
			defaultConfigurationIsVisible = 0;
			defaultConfigurationName = Release;
		};
/* End XCConfigurationList section */
	};
	rootObject = 3A060D221D9CADE9007F2B02 /* Project object */;
}
